// !$*UTF8*$!
{
	archiveVersion = 1;
	classes = {
	};
	objectVersion = 55;
	objects = {

/* Begin PBXBuildFile section */
		7604D7FB29EAE3C700165382 /* ManagedNewsItem.swift in Sources */ = {isa = PBXBuildFile; fileRef = 7604D7FA29EAE3C700165382 /* ManagedNewsItem.swift */; };
		760991D629B7957B00FDFB46 /* XCtestCase+MemoryLeakTracking.swift in Sources */ = {isa = PBXBuildFile; fileRef = 76B2D1A229100D8000F1BA77 /* XCtestCase+MemoryLeakTracking.swift */; };
		760991D829B8B44500FDFB46 /* NewsFeedViewController.swift in Sources */ = {isa = PBXBuildFile; fileRef = 760991D729B8B44500FDFB46 /* NewsFeedViewController.swift */; };
		760991DA29B8D01E00FDFB46 /* NewsItemCell.swift in Sources */ = {isa = PBXBuildFile; fileRef = 760991D929B8D01E00FDFB46 /* NewsItemCell.swift */; };
		7624EE6429F6978300BD72FB /* Privates.swift in Sources */ = {isa = PBXBuildFile; fileRef = 7624EE6329F6978300BD72FB /* Privates.swift */; };
		763FD87B29B68EA4000EADF7 /* CleanNewsFramework.framework in Frameworks */ = {isa = PBXBuildFile; fileRef = 763FD87329B68EA4000EADF7 /* CleanNewsFramework.framework */; };
		76413D3229ED7898003BEE0C /* CoreDataNewsStore+FeedImageDataLoader.swift in Sources */ = {isa = PBXBuildFile; fileRef = 76413D3129ED7898003BEE0C /* CoreDataNewsStore+FeedImageDataLoader.swift */; };
		764D9B1229EDDEF000EC6A46 /* CoreDataNewsStore+NewsStore.swift in Sources */ = {isa = PBXBuildFile; fileRef = 764D9B1129EDDEF000EC6A46 /* CoreDataNewsStore+NewsStore.swift */; };
		7669ED6B28A520FE001385B0 /* CleanNewsApp.swift in Sources */ = {isa = PBXBuildFile; fileRef = 7669ED6A28A520FE001385B0 /* CleanNewsApp.swift */; };
		7669ED6D28A520FE001385B0 /* ContentView.swift in Sources */ = {isa = PBXBuildFile; fileRef = 7669ED6C28A520FE001385B0 /* ContentView.swift */; };
		7669ED6F28A520FF001385B0 /* Assets.xcassets in Resources */ = {isa = PBXBuildFile; fileRef = 7669ED6E28A520FF001385B0 /* Assets.xcassets */; };
		7669ED7228A520FF001385B0 /* Preview Assets.xcassets in Resources */ = {isa = PBXBuildFile; fileRef = 7669ED7128A520FF001385B0 /* Preview Assets.xcassets */; };
		766AB47E29CA5CAD00C55424 /* NewsFeedImagePresenter.swift in Sources */ = {isa = PBXBuildFile; fileRef = 766AB47D29CA5CAD00C55424 /* NewsFeedImagePresenter.swift */; };
		768D6B7729BFC33A00B12BC6 /* UiView+Shimmering.swift in Sources */ = {isa = PBXBuildFile; fileRef = 768D6B7629BFC33A00B12BC6 /* UiView+Shimmering.swift */; };
		768D6B8329C270D300B12BC6 /* NewsRefreshController.swift in Sources */ = {isa = PBXBuildFile; fileRef = 768D6B8229C270D300B12BC6 /* NewsRefreshController.swift */; };
		768D6B8529C3D2B700B12BC6 /* NewsImageCellController.swift in Sources */ = {isa = PBXBuildFile; fileRef = 768D6B8429C3D2B700B12BC6 /* NewsImageCellController.swift */; };
		768D6B8829C4CA0800B12BC6 /* NewsFeedUIComposer.swift in Sources */ = {isa = PBXBuildFile; fileRef = 768D6B8729C4CA0800B12BC6 /* NewsFeedUIComposer.swift */; };
		768D6B9029C9D4FB00B12BC6 /* NewsFeedPresenter.swift in Sources */ = {isa = PBXBuildFile; fileRef = 768D6B8F29C9D4FB00B12BC6 /* NewsFeedPresenter.swift */; };
		768D6B9229C9E61800B12BC6 /* NewsFeedImageViewModel.swift in Sources */ = {isa = PBXBuildFile; fileRef = 768D6B9129C9E61800B12BC6 /* NewsFeedImageViewModel.swift */; };
		7693B72429D0B5730084CEC5 /* CleanNewsFramework.framework in Frameworks */ = {isa = PBXBuildFile; fileRef = 763FD87329B68EA4000EADF7 /* CleanNewsFramework.framework */; };
		7693B72529D0B5730084CEC5 /* CleanNewsFramework.framework in Embed Frameworks */ = {isa = PBXBuildFile; fileRef = 763FD87329B68EA4000EADF7 /* CleanNewsFramework.framework */; settings = {ATTRIBUTES = (CodeSignOnCopy, RemoveHeadersOnCopy, ); }; };
		7693B72929D0B5780084CEC5 /* CleanNewsiOS.framework in Frameworks */ = {isa = PBXBuildFile; fileRef = 769EBFB229B78BAB00D0E8C5 /* CleanNewsiOS.framework */; };
		7693B72A29D0B5780084CEC5 /* CleanNewsiOS.framework in Embed Frameworks */ = {isa = PBXBuildFile; fileRef = 769EBFB229B78BAB00D0E8C5 /* CleanNewsiOS.framework */; settings = {ATTRIBUTES = (CodeSignOnCopy, RemoveHeadersOnCopy, ); }; };
		7693B72D29D32C740084CEC5 /* FeedImageDataLoader.swift in Sources */ = {isa = PBXBuildFile; fileRef = 768D6B7929C25D2300B12BC6 /* FeedImageDataLoader.swift */; };
		7693B72F29D32E290084CEC5 /* LoadFeedImageDataFromRemoteUseCaseTests.swift in Sources */ = {isa = PBXBuildFile; fileRef = 7693B72E29D32E290084CEC5 /* LoadFeedImageDataFromRemoteUseCaseTests.swift */; };
		769EBFBA29B78BAB00D0E8C5 /* CleanNewsiOS.framework in Frameworks */ = {isa = PBXBuildFile; fileRef = 769EBFB229B78BAB00D0E8C5 /* CleanNewsiOS.framework */; };
		769EBFC829B78C0F00D0E8C5 /* NewsFeedViewControllerTests.swift in Sources */ = {isa = PBXBuildFile; fileRef = 769EBFC729B78C0F00D0E8C5 /* NewsFeedViewControllerTests.swift */; };
		76A1B31329B791B800E0A114 /* CleanNewsFramework.framework in Frameworks */ = {isa = PBXBuildFile; fileRef = 763FD87329B68EA4000EADF7 /* CleanNewsFramework.framework */; platformFilter = ios; };
		76A1B31429B791B800E0A114 /* CleanNewsFramework.framework in Embed Frameworks */ = {isa = PBXBuildFile; fileRef = 763FD87329B68EA4000EADF7 /* CleanNewsFramework.framework */; platformFilter = ios; settings = {ATTRIBUTES = (CodeSignOnCopy, RemoveHeadersOnCopy, ); }; };
		76B16EF629B68FED0019EF1D /* LocalNewsLoader.swift in Sources */ = {isa = PBXBuildFile; fileRef = 76C77D782919207600D0FA47 /* LocalNewsLoader.swift */; };
		76B16EF729B68FF30019EF1D /* NewsStore.swift in Sources */ = {isa = PBXBuildFile; fileRef = 76C77D7A291920EB00D0FA47 /* NewsStore.swift */; };
		76B16EF829B68FF80019EF1D /* NewsCachePolicy.swift in Sources */ = {isa = PBXBuildFile; fileRef = 76C9E422292C660B00394FE3 /* NewsCachePolicy.swift */; };
		76B16EF929B68FFE0019EF1D /* CodableNewsStore.swift in Sources */ = {isa = PBXBuildFile; fileRef = 76534819292D8F3A00A7A012 /* CodableNewsStore.swift */; };
		76B16EFA29B6900D0019EF1D /* NewsStore.xcdatamodeld in Sources */ = {isa = PBXBuildFile; fileRef = 763C0A152930199B00EAFDFA /* NewsStore.xcdatamodeld */; };
		76B16EFB29B690170019EF1D /* CoreDataNewsStore.swift in Sources */ = {isa = PBXBuildFile; fileRef = 763C0A182934F0ED00EAFDFA /* CoreDataNewsStore.swift */; };
		76B16EFD29B690240019EF1D /* NewsItem.swift in Sources */ = {isa = PBXBuildFile; fileRef = 769AB914290B22F700AF03F0 /* NewsItem.swift */; };
		76B16EFE29B690330019EF1D /* NewsLoader.swift in Sources */ = {isa = PBXBuildFile; fileRef = 76287D46290C0787002C7130 /* NewsLoader.swift */; };
		76B16F0029B6903E0019EF1D /* RemoteNewsLoader.swift in Sources */ = {isa = PBXBuildFile; fileRef = 76EE4D1128E3149A00FB8F68 /* RemoteNewsLoader.swift */; };
		76B16F0129B690470019EF1D /* HTTPClient.swift in Sources */ = {isa = PBXBuildFile; fileRef = 769AB90929096A2900AF03F0 /* HTTPClient.swift */; };
		76B16F0229B6904C0019EF1D /* NewsItemsMapper.swift in Sources */ = {isa = PBXBuildFile; fileRef = 769AB90B29096A9B00AF03F0 /* NewsItemsMapper.swift */; };
		76B16F0329B690510019EF1D /* URLSessionHTTPClient.swift in Sources */ = {isa = PBXBuildFile; fileRef = 76706BF42911506B00B9D0A0 /* URLSessionHTTPClient.swift */; };
		76B16F0429B690550019EF1D /* RemoteNewsItem.swift in Sources */ = {isa = PBXBuildFile; fileRef = 76AFA6F1291A72B300ADEA57 /* RemoteNewsItem.swift */; };
		76B16F0529B6905A0019EF1D /* LocalNewsItem.swift in Sources */ = {isa = PBXBuildFile; fileRef = 76AFA6F3291A730C00ADEA57 /* LocalNewsItem.swift */; };
		76B16F0729B690680019EF1D /* XCtestCase+MemoryLeakTracking.swift in Sources */ = {isa = PBXBuildFile; fileRef = 76B2D1A229100D8000F1BA77 /* XCtestCase+MemoryLeakTracking.swift */; };
		76B16F0829B690710019EF1D /* SharedTestHelpers.swift in Sources */ = {isa = PBXBuildFile; fileRef = 76C9E4202929244300394FE3 /* SharedTestHelpers.swift */; };
		76B16F0929B6907E0019EF1D /* NewsStoreSpecs.swift in Sources */ = {isa = PBXBuildFile; fileRef = 76043E31292E659A00C01E50 /* NewsStoreSpecs.swift */; };
		76B16F0A29B690810019EF1D /* XCTestaCase+NewsStoreSpecs.swift in Sources */ = {isa = PBXBuildFile; fileRef = 7617DFDD292E956300193C64 /* XCTestaCase+NewsStoreSpecs.swift */; };
		76B16F0B29B690850019EF1D /* XCTestCase+FailableRetrieveNewsStoreSpecs.swift in Sources */ = {isa = PBXBuildFile; fileRef = 7617DFE0292EA1C800193C64 /* XCTestCase+FailableRetrieveNewsStoreSpecs.swift */; };
		76B16F0D29B6908B0019EF1D /* XCTestCase+FailableDeleteNewsStoreSpecs.swift in Sources */ = {isa = PBXBuildFile; fileRef = 7617DFE4292EBB5E00193C64 /* XCTestCase+FailableDeleteNewsStoreSpecs.swift */; };
		76B16F0E29B6908F0019EF1D /* XCTestCase+FailableInsertNewsStoreSpecs.swift in Sources */ = {isa = PBXBuildFile; fileRef = 763C0A0F292EBCBC00EAFDFA /* XCTestCase+FailableInsertNewsStoreSpecs.swift */; };
		76B16F0F29B690940019EF1D /* NewsStoreSpy.swift in Sources */ = {isa = PBXBuildFile; fileRef = 76C9E41A2926CD6C00394FE3 /* NewsStoreSpy.swift */; };
		76B16F1129B6909A0019EF1D /* FeedCacheTestHelpers.swift in Sources */ = {isa = PBXBuildFile; fileRef = 76C9E41E292922DE00394FE3 /* FeedCacheTestHelpers.swift */; };
		76B16F1229B6909E0019EF1D /* CacheNewsUseCaseTests.swift in Sources */ = {isa = PBXBuildFile; fileRef = 76C77D75291441C500D0FA47 /* CacheNewsUseCaseTests.swift */; };
		76B16F1329B690A30019EF1D /* LoadNewsFromCacheUseCaseTests.swift in Sources */ = {isa = PBXBuildFile; fileRef = 76C9E4172926CB7900394FE3 /* LoadNewsFromCacheUseCaseTests.swift */; };
		76B16F1429B690A80019EF1D /* ValidateNewsCacheUseCaseTests.swift in Sources */ = {isa = PBXBuildFile; fileRef = 76C9E41C29291A1100394FE3 /* ValidateNewsCacheUseCaseTests.swift */; };
		76B16F1529B690AE0019EF1D /* CodableNewsStoreTests.swift in Sources */ = {isa = PBXBuildFile; fileRef = 76C9E424292D17AA00394FE3 /* CodableNewsStoreTests.swift */; };
		76B16F1629B690B60019EF1D /* CoreDataNewsStoreTests.swift in Sources */ = {isa = PBXBuildFile; fileRef = 763C0A13292FF2B900EAFDFA /* CoreDataNewsStoreTests.swift */; };
		76B16F1729B690BC0019EF1D /* RemoteNewsLoaderTests.swift in Sources */ = {isa = PBXBuildFile; fileRef = 76EE4D0E28E2612400FB8F68 /* RemoteNewsLoaderTests.swift */; };
		76B16F1829B690C10019EF1D /* URLSessionHTTPClientTests.swift in Sources */ = {isa = PBXBuildFile; fileRef = 76B2D19F290D391B00F1BA77 /* URLSessionHTTPClientTests.swift */; };
		76B16F1929B690EE0019EF1D /* OldNewsLoader.swift in Sources */ = {isa = PBXBuildFile; fileRef = 769AB912290B208300AF03F0 /* OldNewsLoader.swift */; };
		76B16F1A29B691320019EF1D /* News.swift in Sources */ = {isa = PBXBuildFile; fileRef = 76FACD9628BF85AF000186E2 /* News.swift */; };
		76B67CE729E89B3F00A958B5 /* FeedImageDataStore.swift in Sources */ = {isa = PBXBuildFile; fileRef = 76B67CE629E89B3F00A958B5 /* FeedImageDataStore.swift */; };
		76B67CE929E89B8200A958B5 /* LocalFeedImageDataLoader.swift in Sources */ = {isa = PBXBuildFile; fileRef = 76B67CE829E89B8200A958B5 /* LocalFeedImageDataLoader.swift */; };
		76B67CEB29E8AD3F00A958B5 /* FeedImageDataStoreSpy.swift in Sources */ = {isa = PBXBuildFile; fileRef = 76B67CEA29E8AD3F00A958B5 /* FeedImageDataStoreSpy.swift */; };
		76B67CED29E8AF7A00A958B5 /* CacheFeedImageDataUseCaseTests.swift in Sources */ = {isa = PBXBuildFile; fileRef = 76B67CEC29E8AF7A00A958B5 /* CacheFeedImageDataUseCaseTests.swift */; };
		76B67CEF29E95A7C00A958B5 /* CoreDataFeedImageDataStoreTests.swift in Sources */ = {isa = PBXBuildFile; fileRef = 76B67CEE29E95A7C00A958B5 /* CoreDataFeedImageDataStoreTests.swift */; };
		76C07A0829DC3CDF00DAD37F /* HTTPClientSpy.swift in Sources */ = {isa = PBXBuildFile; fileRef = 76C07A0729DC3CDF00DAD37F /* HTTPClientSpy.swift */; };
		76C07A0A29DC3E2100DAD37F /* RemoteFeedImageDataLoader.swift in Sources */ = {isa = PBXBuildFile; fileRef = 76C07A0929DC3E2100DAD37F /* RemoteFeedImageDataLoader.swift */; };
		76C07A0D29DC88A300DAD37F /* HTTPURLResponse+StatusCode.swift in Sources */ = {isa = PBXBuildFile; fileRef = 76C07A0C29DC88A300DAD37F /* HTTPURLResponse+StatusCode.swift */; };
		76C07A0F29DC898500DAD37F /* URLProtocolStub.swift in Sources */ = {isa = PBXBuildFile; fileRef = 76C07A0E29DC898500DAD37F /* URLProtocolStub.swift */; };
		76C07A1129DCB51A00DAD37F /* LoadFeedImageDataFromCacheUseCaseTests.swift in Sources */ = {isa = PBXBuildFile; fileRef = 76C07A1029DCB51A00DAD37F /* LoadFeedImageDataFromCacheUseCaseTests.swift */; };
		76DCE7E628ABA9DD00DD973B /* API.swift in Sources */ = {isa = PBXBuildFile; fileRef = 76DCE7E528ABA9DD00DD973B /* API.swift */; };
/* End PBXBuildFile section */

/* Begin PBXContainerItemProxy section */
		763FD87C29B68EA4000EADF7 /* PBXContainerItemProxy */ = {
			isa = PBXContainerItemProxy;
			containerPortal = 7669ED5F28A520FE001385B0 /* Project object */;
			proxyType = 1;
			remoteGlobalIDString = 763FD87229B68EA4000EADF7;
			remoteInfo = CleanNewsFramework;
		};
		7669ED7828A520FF001385B0 /* PBXContainerItemProxy */ = {
			isa = PBXContainerItemProxy;
			containerPortal = 7669ED5F28A520FE001385B0 /* Project object */;
			proxyType = 1;
			remoteGlobalIDString = 7669ED6628A520FE001385B0;
			remoteInfo = CleanNews;
		};
		7693B72629D0B5730084CEC5 /* PBXContainerItemProxy */ = {
			isa = PBXContainerItemProxy;
			containerPortal = 7669ED5F28A520FE001385B0 /* Project object */;
			proxyType = 1;
			remoteGlobalIDString = 763FD87229B68EA4000EADF7;
			remoteInfo = CleanNewsFramework;
		};
		7693B72B29D0B5780084CEC5 /* PBXContainerItemProxy */ = {
			isa = PBXContainerItemProxy;
			containerPortal = 7669ED5F28A520FE001385B0 /* Project object */;
			proxyType = 1;
			remoteGlobalIDString = 769EBFB129B78BAB00D0E8C5;
			remoteInfo = CleanNewsiOS;
		};
		769EBFBB29B78BAB00D0E8C5 /* PBXContainerItemProxy */ = {
			isa = PBXContainerItemProxy;
			containerPortal = 7669ED5F28A520FE001385B0 /* Project object */;
			proxyType = 1;
			remoteGlobalIDString = 769EBFB129B78BAB00D0E8C5;
			remoteInfo = CleanNewsiOS;
		};
		76A1B31529B791B800E0A114 /* PBXContainerItemProxy */ = {
			isa = PBXContainerItemProxy;
			containerPortal = 7669ED5F28A520FE001385B0 /* Project object */;
			proxyType = 1;
			remoteGlobalIDString = 763FD87229B68EA4000EADF7;
			remoteInfo = CleanNewsFramework;
		};
/* End PBXContainerItemProxy section */

/* Begin PBXCopyFilesBuildPhase section */
		7693B72829D0B5730084CEC5 /* Embed Frameworks */ = {
			isa = PBXCopyFilesBuildPhase;
			buildActionMask = 2147483647;
			dstPath = "";
			dstSubfolderSpec = 10;
			files = (
				7693B72529D0B5730084CEC5 /* CleanNewsFramework.framework in Embed Frameworks */,
				7693B72A29D0B5780084CEC5 /* CleanNewsiOS.framework in Embed Frameworks */,
			);
			name = "Embed Frameworks";
			runOnlyForDeploymentPostprocessing = 0;
		};
		76A1B31729B791B800E0A114 /* Embed Frameworks */ = {
			isa = PBXCopyFilesBuildPhase;
			buildActionMask = 2147483647;
			dstPath = "";
			dstSubfolderSpec = 10;
			files = (
				76A1B31429B791B800E0A114 /* CleanNewsFramework.framework in Embed Frameworks */,
			);
			name = "Embed Frameworks";
			runOnlyForDeploymentPostprocessing = 0;
		};
/* End PBXCopyFilesBuildPhase section */

/* Begin PBXFileReference section */
		76043E31292E659A00C01E50 /* NewsStoreSpecs.swift */ = {isa = PBXFileReference; lastKnownFileType = sourcecode.swift; path = NewsStoreSpecs.swift; sourceTree = "<group>"; };
		7604D7F929EAE0BB00165382 /* NewsStore2.xcdatamodel */ = {isa = PBXFileReference; lastKnownFileType = wrapper.xcdatamodel; path = NewsStore2.xcdatamodel; sourceTree = "<group>"; };
		7604D7FA29EAE3C700165382 /* ManagedNewsItem.swift */ = {isa = PBXFileReference; lastKnownFileType = sourcecode.swift; path = ManagedNewsItem.swift; sourceTree = "<group>"; };
		760991D729B8B44500FDFB46 /* NewsFeedViewController.swift */ = {isa = PBXFileReference; lastKnownFileType = sourcecode.swift; path = NewsFeedViewController.swift; sourceTree = "<group>"; };
		760991D929B8D01E00FDFB46 /* NewsItemCell.swift */ = {isa = PBXFileReference; lastKnownFileType = sourcecode.swift; path = NewsItemCell.swift; sourceTree = "<group>"; };
		7617DFDD292E956300193C64 /* XCTestaCase+NewsStoreSpecs.swift */ = {isa = PBXFileReference; lastKnownFileType = sourcecode.swift; path = "XCTestaCase+NewsStoreSpecs.swift"; sourceTree = "<group>"; };
		7617DFE0292EA1C800193C64 /* XCTestCase+FailableRetrieveNewsStoreSpecs.swift */ = {isa = PBXFileReference; lastKnownFileType = sourcecode.swift; path = "XCTestCase+FailableRetrieveNewsStoreSpecs.swift"; sourceTree = "<group>"; };
		7617DFE4292EBB5E00193C64 /* XCTestCase+FailableDeleteNewsStoreSpecs.swift */ = {isa = PBXFileReference; lastKnownFileType = sourcecode.swift; path = "XCTestCase+FailableDeleteNewsStoreSpecs.swift"; sourceTree = "<group>"; };
		7624EE6329F6978300BD72FB /* Privates.swift */ = {isa = PBXFileReference; fileEncoding = 4; lastKnownFileType = sourcecode.swift; path = Privates.swift; sourceTree = "<group>"; };
		76287D46290C0787002C7130 /* NewsLoader.swift */ = {isa = PBXFileReference; lastKnownFileType = sourcecode.swift; path = NewsLoader.swift; sourceTree = "<group>"; };
		763C0A0F292EBCBC00EAFDFA /* XCTestCase+FailableInsertNewsStoreSpecs.swift */ = {isa = PBXFileReference; lastKnownFileType = sourcecode.swift; path = "XCTestCase+FailableInsertNewsStoreSpecs.swift"; sourceTree = "<group>"; };
		763C0A13292FF2B900EAFDFA /* CoreDataNewsStoreTests.swift */ = {isa = PBXFileReference; lastKnownFileType = sourcecode.swift; path = CoreDataNewsStoreTests.swift; sourceTree = "<group>"; };
		763C0A162930199B00EAFDFA /* NewsStore.xcdatamodel */ = {isa = PBXFileReference; lastKnownFileType = wrapper.xcdatamodel; path = NewsStore.xcdatamodel; sourceTree = "<group>"; };
		763C0A182934F0ED00EAFDFA /* CoreDataNewsStore.swift */ = {isa = PBXFileReference; lastKnownFileType = sourcecode.swift; path = CoreDataNewsStore.swift; sourceTree = "<group>"; };
		763FD87329B68EA4000EADF7 /* CleanNewsFramework.framework */ = {isa = PBXFileReference; explicitFileType = wrapper.framework; includeInIndex = 0; path = CleanNewsFramework.framework; sourceTree = BUILT_PRODUCTS_DIR; };
		763FD87A29B68EA4000EADF7 /* CleanNewsFrameworkTests.xctest */ = {isa = PBXFileReference; explicitFileType = wrapper.cfbundle; includeInIndex = 0; path = CleanNewsFrameworkTests.xctest; sourceTree = BUILT_PRODUCTS_DIR; };
		76413D3129ED7898003BEE0C /* CoreDataNewsStore+FeedImageDataLoader.swift */ = {isa = PBXFileReference; lastKnownFileType = sourcecode.swift; path = "CoreDataNewsStore+FeedImageDataLoader.swift"; sourceTree = "<group>"; };
		764D9B1129EDDEF000EC6A46 /* CoreDataNewsStore+NewsStore.swift */ = {isa = PBXFileReference; lastKnownFileType = sourcecode.swift; path = "CoreDataNewsStore+NewsStore.swift"; sourceTree = "<group>"; };
		76534819292D8F3A00A7A012 /* CodableNewsStore.swift */ = {isa = PBXFileReference; lastKnownFileType = sourcecode.swift; path = CodableNewsStore.swift; sourceTree = "<group>"; };
		7669ED6728A520FE001385B0 /* CleanNews.app */ = {isa = PBXFileReference; explicitFileType = wrapper.application; includeInIndex = 0; path = CleanNews.app; sourceTree = BUILT_PRODUCTS_DIR; };
		7669ED6A28A520FE001385B0 /* CleanNewsApp.swift */ = {isa = PBXFileReference; lastKnownFileType = sourcecode.swift; path = CleanNewsApp.swift; sourceTree = "<group>"; };
		7669ED6C28A520FE001385B0 /* ContentView.swift */ = {isa = PBXFileReference; lastKnownFileType = sourcecode.swift; path = ContentView.swift; sourceTree = "<group>"; };
		7669ED6E28A520FF001385B0 /* Assets.xcassets */ = {isa = PBXFileReference; lastKnownFileType = folder.assetcatalog; path = Assets.xcassets; sourceTree = "<group>"; };
		7669ED7128A520FF001385B0 /* Preview Assets.xcassets */ = {isa = PBXFileReference; lastKnownFileType = folder.assetcatalog; path = "Preview Assets.xcassets"; sourceTree = "<group>"; };
		7669ED7728A520FF001385B0 /* CleanNewsTests.xctest */ = {isa = PBXFileReference; explicitFileType = wrapper.cfbundle; includeInIndex = 0; path = CleanNewsTests.xctest; sourceTree = BUILT_PRODUCTS_DIR; };
		766AB47D29CA5CAD00C55424 /* NewsFeedImagePresenter.swift */ = {isa = PBXFileReference; lastKnownFileType = sourcecode.swift; path = NewsFeedImagePresenter.swift; sourceTree = "<group>"; };
		76706BF42911506B00B9D0A0 /* URLSessionHTTPClient.swift */ = {isa = PBXFileReference; lastKnownFileType = sourcecode.swift; path = URLSessionHTTPClient.swift; sourceTree = "<group>"; };
		768D6B7629BFC33A00B12BC6 /* UiView+Shimmering.swift */ = {isa = PBXFileReference; lastKnownFileType = sourcecode.swift; path = "UiView+Shimmering.swift"; sourceTree = "<group>"; };
		768D6B7929C25D2300B12BC6 /* FeedImageDataLoader.swift */ = {isa = PBXFileReference; lastKnownFileType = sourcecode.swift; path = FeedImageDataLoader.swift; sourceTree = "<group>"; };
		768D6B8229C270D300B12BC6 /* NewsRefreshController.swift */ = {isa = PBXFileReference; lastKnownFileType = sourcecode.swift; path = NewsRefreshController.swift; sourceTree = "<group>"; };
		768D6B8429C3D2B700B12BC6 /* NewsImageCellController.swift */ = {isa = PBXFileReference; lastKnownFileType = sourcecode.swift; path = NewsImageCellController.swift; sourceTree = "<group>"; };
		768D6B8729C4CA0800B12BC6 /* NewsFeedUIComposer.swift */ = {isa = PBXFileReference; lastKnownFileType = sourcecode.swift; path = NewsFeedUIComposer.swift; sourceTree = "<group>"; };
		768D6B8F29C9D4FB00B12BC6 /* NewsFeedPresenter.swift */ = {isa = PBXFileReference; lastKnownFileType = sourcecode.swift; path = NewsFeedPresenter.swift; sourceTree = "<group>"; };
		768D6B9129C9E61800B12BC6 /* NewsFeedImageViewModel.swift */ = {isa = PBXFileReference; fileEncoding = 4; lastKnownFileType = sourcecode.swift; path = NewsFeedImageViewModel.swift; sourceTree = "<group>"; };
		7693B72E29D32E290084CEC5 /* LoadFeedImageDataFromRemoteUseCaseTests.swift */ = {isa = PBXFileReference; lastKnownFileType = sourcecode.swift; path = LoadFeedImageDataFromRemoteUseCaseTests.swift; sourceTree = "<group>"; };
		769AB90929096A2900AF03F0 /* HTTPClient.swift */ = {isa = PBXFileReference; lastKnownFileType = sourcecode.swift; path = HTTPClient.swift; sourceTree = "<group>"; };
		769AB90B29096A9B00AF03F0 /* NewsItemsMapper.swift */ = {isa = PBXFileReference; lastKnownFileType = sourcecode.swift; path = NewsItemsMapper.swift; sourceTree = "<group>"; };
		769AB912290B208300AF03F0 /* OldNewsLoader.swift */ = {isa = PBXFileReference; lastKnownFileType = sourcecode.swift; path = OldNewsLoader.swift; sourceTree = "<group>"; };
		769AB914290B22F700AF03F0 /* NewsItem.swift */ = {isa = PBXFileReference; lastKnownFileType = sourcecode.swift; path = NewsItem.swift; sourceTree = "<group>"; };
		769EBFB229B78BAB00D0E8C5 /* CleanNewsiOS.framework */ = {isa = PBXFileReference; explicitFileType = wrapper.framework; includeInIndex = 0; path = CleanNewsiOS.framework; sourceTree = BUILT_PRODUCTS_DIR; };
		769EBFB929B78BAB00D0E8C5 /* CleanNewsiOSTests.xctest */ = {isa = PBXFileReference; explicitFileType = wrapper.cfbundle; includeInIndex = 0; path = CleanNewsiOSTests.xctest; sourceTree = BUILT_PRODUCTS_DIR; };
		769EBFC729B78C0F00D0E8C5 /* NewsFeedViewControllerTests.swift */ = {isa = PBXFileReference; lastKnownFileType = sourcecode.swift; path = NewsFeedViewControllerTests.swift; sourceTree = "<group>"; };
		76AFA6F1291A72B300ADEA57 /* RemoteNewsItem.swift */ = {isa = PBXFileReference; lastKnownFileType = sourcecode.swift; path = RemoteNewsItem.swift; sourceTree = "<group>"; };
		76AFA6F3291A730C00ADEA57 /* LocalNewsItem.swift */ = {isa = PBXFileReference; lastKnownFileType = sourcecode.swift; path = LocalNewsItem.swift; sourceTree = "<group>"; };
		76B2D19F290D391B00F1BA77 /* URLSessionHTTPClientTests.swift */ = {isa = PBXFileReference; lastKnownFileType = sourcecode.swift; path = URLSessionHTTPClientTests.swift; sourceTree = "<group>"; };
		76B2D1A229100D8000F1BA77 /* XCtestCase+MemoryLeakTracking.swift */ = {isa = PBXFileReference; lastKnownFileType = sourcecode.swift; path = "XCtestCase+MemoryLeakTracking.swift"; sourceTree = "<group>"; };
		76B67CE629E89B3F00A958B5 /* FeedImageDataStore.swift */ = {isa = PBXFileReference; lastKnownFileType = sourcecode.swift; path = FeedImageDataStore.swift; sourceTree = "<group>"; };
		76B67CE829E89B8200A958B5 /* LocalFeedImageDataLoader.swift */ = {isa = PBXFileReference; lastKnownFileType = sourcecode.swift; path = LocalFeedImageDataLoader.swift; sourceTree = "<group>"; };
		76B67CEA29E8AD3F00A958B5 /* FeedImageDataStoreSpy.swift */ = {isa = PBXFileReference; lastKnownFileType = sourcecode.swift; path = FeedImageDataStoreSpy.swift; sourceTree = "<group>"; };
		76B67CEC29E8AF7A00A958B5 /* CacheFeedImageDataUseCaseTests.swift */ = {isa = PBXFileReference; lastKnownFileType = sourcecode.swift; path = CacheFeedImageDataUseCaseTests.swift; sourceTree = "<group>"; };
		76B67CEE29E95A7C00A958B5 /* CoreDataFeedImageDataStoreTests.swift */ = {isa = PBXFileReference; lastKnownFileType = sourcecode.swift; path = CoreDataFeedImageDataStoreTests.swift; sourceTree = "<group>"; };
		76C07A0729DC3CDF00DAD37F /* HTTPClientSpy.swift */ = {isa = PBXFileReference; lastKnownFileType = sourcecode.swift; path = HTTPClientSpy.swift; sourceTree = "<group>"; };
		76C07A0929DC3E2100DAD37F /* RemoteFeedImageDataLoader.swift */ = {isa = PBXFileReference; lastKnownFileType = sourcecode.swift; path = RemoteFeedImageDataLoader.swift; sourceTree = "<group>"; };
		76C07A0C29DC88A300DAD37F /* HTTPURLResponse+StatusCode.swift */ = {isa = PBXFileReference; lastKnownFileType = sourcecode.swift; path = "HTTPURLResponse+StatusCode.swift"; sourceTree = "<group>"; };
		76C07A0E29DC898500DAD37F /* URLProtocolStub.swift */ = {isa = PBXFileReference; lastKnownFileType = sourcecode.swift; path = URLProtocolStub.swift; sourceTree = "<group>"; };
		76C07A1029DCB51A00DAD37F /* LoadFeedImageDataFromCacheUseCaseTests.swift */ = {isa = PBXFileReference; lastKnownFileType = sourcecode.swift; path = LoadFeedImageDataFromCacheUseCaseTests.swift; sourceTree = "<group>"; };
		76C77D75291441C500D0FA47 /* CacheNewsUseCaseTests.swift */ = {isa = PBXFileReference; lastKnownFileType = sourcecode.swift; path = CacheNewsUseCaseTests.swift; sourceTree = "<group>"; };
		76C77D782919207600D0FA47 /* LocalNewsLoader.swift */ = {isa = PBXFileReference; lastKnownFileType = sourcecode.swift; path = LocalNewsLoader.swift; sourceTree = "<group>"; };
		76C77D7A291920EB00D0FA47 /* NewsStore.swift */ = {isa = PBXFileReference; lastKnownFileType = sourcecode.swift; path = NewsStore.swift; sourceTree = "<group>"; };
		76C9E4172926CB7900394FE3 /* LoadNewsFromCacheUseCaseTests.swift */ = {isa = PBXFileReference; lastKnownFileType = sourcecode.swift; path = LoadNewsFromCacheUseCaseTests.swift; sourceTree = "<group>"; };
		76C9E41A2926CD6C00394FE3 /* NewsStoreSpy.swift */ = {isa = PBXFileReference; lastKnownFileType = sourcecode.swift; path = NewsStoreSpy.swift; sourceTree = "<group>"; };
		76C9E41C29291A1100394FE3 /* ValidateNewsCacheUseCaseTests.swift */ = {isa = PBXFileReference; lastKnownFileType = sourcecode.swift; path = ValidateNewsCacheUseCaseTests.swift; sourceTree = "<group>"; };
		76C9E41E292922DE00394FE3 /* FeedCacheTestHelpers.swift */ = {isa = PBXFileReference; lastKnownFileType = sourcecode.swift; path = FeedCacheTestHelpers.swift; sourceTree = "<group>"; };
		76C9E4202929244300394FE3 /* SharedTestHelpers.swift */ = {isa = PBXFileReference; lastKnownFileType = sourcecode.swift; path = SharedTestHelpers.swift; sourceTree = "<group>"; };
		76C9E422292C660B00394FE3 /* NewsCachePolicy.swift */ = {isa = PBXFileReference; lastKnownFileType = sourcecode.swift; path = NewsCachePolicy.swift; sourceTree = "<group>"; };
		76C9E424292D17AA00394FE3 /* CodableNewsStoreTests.swift */ = {isa = PBXFileReference; lastKnownFileType = sourcecode.swift; path = CodableNewsStoreTests.swift; sourceTree = "<group>"; };
		76DCE7E528ABA9DD00DD973B /* API.swift */ = {isa = PBXFileReference; lastKnownFileType = sourcecode.swift; path = API.swift; sourceTree = "<group>"; };
		76EE4D0E28E2612400FB8F68 /* RemoteNewsLoaderTests.swift */ = {isa = PBXFileReference; lastKnownFileType = sourcecode.swift; path = RemoteNewsLoaderTests.swift; sourceTree = "<group>"; };
		76EE4D1128E3149A00FB8F68 /* RemoteNewsLoader.swift */ = {isa = PBXFileReference; lastKnownFileType = sourcecode.swift; path = RemoteNewsLoader.swift; sourceTree = "<group>"; };
		76FACD9628BF85AF000186E2 /* News.swift */ = {isa = PBXFileReference; lastKnownFileType = sourcecode.swift; path = News.swift; sourceTree = "<group>"; };
/* End PBXFileReference section */

/* Begin PBXFrameworksBuildPhase section */
		763FD87029B68EA4000EADF7 /* Frameworks */ = {
			isa = PBXFrameworksBuildPhase;
			buildActionMask = 2147483647;
			files = (
			);
			runOnlyForDeploymentPostprocessing = 0;
		};
		763FD87729B68EA4000EADF7 /* Frameworks */ = {
			isa = PBXFrameworksBuildPhase;
			buildActionMask = 2147483647;
			files = (
				763FD87B29B68EA4000EADF7 /* CleanNewsFramework.framework in Frameworks */,
			);
			runOnlyForDeploymentPostprocessing = 0;
		};
		7669ED6428A520FE001385B0 /* Frameworks */ = {
			isa = PBXFrameworksBuildPhase;
			buildActionMask = 2147483647;
			files = (
				7693B72429D0B5730084CEC5 /* CleanNewsFramework.framework in Frameworks */,
				7693B72929D0B5780084CEC5 /* CleanNewsiOS.framework in Frameworks */,
			);
			runOnlyForDeploymentPostprocessing = 0;
		};
		7669ED7428A520FF001385B0 /* Frameworks */ = {
			isa = PBXFrameworksBuildPhase;
			buildActionMask = 2147483647;
			files = (
			);
			runOnlyForDeploymentPostprocessing = 0;
		};
		769EBFAF29B78BAB00D0E8C5 /* Frameworks */ = {
			isa = PBXFrameworksBuildPhase;
			buildActionMask = 2147483647;
			files = (
				76A1B31329B791B800E0A114 /* CleanNewsFramework.framework in Frameworks */,
			);
			runOnlyForDeploymentPostprocessing = 0;
		};
		769EBFB629B78BAB00D0E8C5 /* Frameworks */ = {
			isa = PBXFrameworksBuildPhase;
			buildActionMask = 2147483647;
			files = (
				769EBFBA29B78BAB00D0E8C5 /* CleanNewsiOS.framework in Frameworks */,
			);
			runOnlyForDeploymentPostprocessing = 0;
		};
/* End PBXFrameworksBuildPhase section */

/* Begin PBXGroup section */
		763C0A11292EBD3900EAFDFA /* NewsStoreSpecs */ = {
			isa = PBXGroup;
			children = (
				76043E31292E659A00C01E50 /* NewsStoreSpecs.swift */,
				7617DFDD292E956300193C64 /* XCTestaCase+NewsStoreSpecs.swift */,
				7617DFE0292EA1C800193C64 /* XCTestCase+FailableRetrieveNewsStoreSpecs.swift */,
				7617DFE4292EBB5E00193C64 /* XCTestCase+FailableDeleteNewsStoreSpecs.swift */,
				763C0A0F292EBCBC00EAFDFA /* XCTestCase+FailableInsertNewsStoreSpecs.swift */,
			);
			path = NewsStoreSpecs;
			sourceTree = "<group>";
		};
		763FD87429B68EA4000EADF7 /* CleanNewsFramework */ = {
			isa = PBXGroup;
			children = (
				76C77D772919204B00D0FA47 /* News Cache */,
				769AB911290B206D00AF03F0 /* News Feature */,
				76EE4D1028E3148300FB8F68 /* News API */,
				76FACD9528BF84D0000186E2 /* Model */,
			);
			path = CleanNewsFramework;
			sourceTree = "<group>";
		};
		763FD87E29B68EA4000EADF7 /* CleanNewsFrameworkTests */ = {
			isa = PBXGroup;
			children = (
				76B2D1A1291008D600F1BA77 /* Helpers */,
				76C77D742914418200D0FA47 /* News Cache */,
				769AB90D290B0EBD00AF03F0 /* News API */,
			);
			path = CleanNewsFrameworkTests;
			sourceTree = "<group>";
		};
		7669ED5E28A520FE001385B0 = {
			isa = PBXGroup;
			children = (
				7669ED6928A520FE001385B0 /* CleanNews */,
				7669ED7A28A520FF001385B0 /* CleanNewsTests */,
				763FD87429B68EA4000EADF7 /* CleanNewsFramework */,
				763FD87E29B68EA4000EADF7 /* CleanNewsFrameworkTests */,
				76E9CD6329B790CF000B1C69 /* CleanNewsiOS */,
				769EBFBD29B78BAB00D0E8C5 /* CleanNewsiOSTests */,
				7669ED6828A520FE001385B0 /* Products */,
				76B16F1B29B693F60019EF1D /* Frameworks */,
			);
			sourceTree = "<group>";
		};
		7669ED6828A520FE001385B0 /* Products */ = {
			isa = PBXGroup;
			children = (
				7669ED6728A520FE001385B0 /* CleanNews.app */,
				7669ED7728A520FF001385B0 /* CleanNewsTests.xctest */,
				763FD87329B68EA4000EADF7 /* CleanNewsFramework.framework */,
				763FD87A29B68EA4000EADF7 /* CleanNewsFrameworkTests.xctest */,
				769EBFB229B78BAB00D0E8C5 /* CleanNewsiOS.framework */,
				769EBFB929B78BAB00D0E8C5 /* CleanNewsiOSTests.xctest */,
			);
			name = Products;
			sourceTree = "<group>";
		};
		7669ED6928A520FE001385B0 /* CleanNews */ = {
			isa = PBXGroup;
			children = (
				7624EE6329F6978300BD72FB /* Privates.swift */,
				76FACD9628BF85AF000186E2 /* News.swift */,
				769AB912290B208300AF03F0 /* OldNewsLoader.swift */,
				76DCE7E528ABA9DD00DD973B /* API.swift */,
				7669ED6A28A520FE001385B0 /* CleanNewsApp.swift */,
				7669ED6C28A520FE001385B0 /* ContentView.swift */,
				7669ED6E28A520FF001385B0 /* Assets.xcassets */,
				7669ED7028A520FF001385B0 /* Preview Content */,
			);
			path = CleanNews;
			sourceTree = "<group>";
		};
		7669ED7028A520FF001385B0 /* Preview Content */ = {
			isa = PBXGroup;
			children = (
				7669ED7128A520FF001385B0 /* Preview Assets.xcassets */,
			);
			path = "Preview Content";
			sourceTree = "<group>";
		};
		7669ED7A28A520FF001385B0 /* CleanNewsTests */ = {
			isa = PBXGroup;
			children = (
			);
			path = CleanNewsTests;
			sourceTree = "<group>";
		};
		768D6B7829C25D0800B12BC6 /* Feed Image Loader */ = {
			isa = PBXGroup;
			children = (
			);
			path = "Feed Image Loader";
			sourceTree = "<group>";
		};
		768D6B7B29C25D8D00B12BC6 /* Feed UI */ = {
			isa = PBXGroup;
			children = (
				768D6B8629C4C9F800B12BC6 /* Composers */,
				768D6B7D29C25DA400B12BC6 /* Views */,
				768D6B7C29C25D9900B12BC6 /* Controllers */,
			);
			path = "Feed UI";
			sourceTree = "<group>";
		};
		768D6B7C29C25D9900B12BC6 /* Controllers */ = {
			isa = PBXGroup;
			children = (
				760991D729B8B44500FDFB46 /* NewsFeedViewController.swift */,
				768D6B8229C270D300B12BC6 /* NewsRefreshController.swift */,
				768D6B8429C3D2B700B12BC6 /* NewsImageCellController.swift */,
			);
			path = Controllers;
			sourceTree = "<group>";
		};
		768D6B7D29C25DA400B12BC6 /* Views */ = {
			isa = PBXGroup;
			children = (
				768D6B7629BFC33A00B12BC6 /* UiView+Shimmering.swift */,
				760991D929B8D01E00FDFB46 /* NewsItemCell.swift */,
			);
			path = Views;
			sourceTree = "<group>";
		};
		768D6B7E29C25E3600B12BC6 /* Helpers */ = {
			isa = PBXGroup;
			children = (
			);
			path = Helpers;
			sourceTree = "<group>";
		};
		768D6B7F29C25E3C00B12BC6 /* Feed UI */ = {
			isa = PBXGroup;
			children = (
				768D6B8029C25E5900B12BC6 /* Controllers */,
			);
			path = "Feed UI";
			sourceTree = "<group>";
		};
		768D6B8029C25E5900B12BC6 /* Controllers */ = {
			isa = PBXGroup;
			children = (
				769EBFC729B78C0F00D0E8C5 /* NewsFeedViewControllerTests.swift */,
				768D6B8129C25E6200B12BC6 /* Helpers */,
			);
			path = Controllers;
			sourceTree = "<group>";
		};
		768D6B8129C25E6200B12BC6 /* Helpers */ = {
			isa = PBXGroup;
			children = (
			);
			path = Helpers;
			sourceTree = "<group>";
		};
		768D6B8629C4C9F800B12BC6 /* Composers */ = {
			isa = PBXGroup;
			children = (
				768D6B8729C4CA0800B12BC6 /* NewsFeedUIComposer.swift */,
			);
			path = Composers;
			sourceTree = "<group>";
		};
		768D6B8E29C9D46D00B12BC6 /* Feed Presentation */ = {
			isa = PBXGroup;
			children = (
				768D6B9129C9E61800B12BC6 /* NewsFeedImageViewModel.swift */,
				768D6B8F29C9D4FB00B12BC6 /* NewsFeedPresenter.swift */,
				766AB47D29CA5CAD00C55424 /* NewsFeedImagePresenter.swift */,
			);
			path = "Feed Presentation";
			sourceTree = "<group>";
		};
		769AB90D290B0EBD00AF03F0 /* News API */ = {
			isa = PBXGroup;
			children = (
				76C07A0629DC3CCD00DAD37F /* Helpers */,
				76EE4D0E28E2612400FB8F68 /* RemoteNewsLoaderTests.swift */,
				76B2D19F290D391B00F1BA77 /* URLSessionHTTPClientTests.swift */,
				7693B72E29D32E290084CEC5 /* LoadFeedImageDataFromRemoteUseCaseTests.swift */,
			);
			path = "News API";
			sourceTree = "<group>";
		};
		769AB911290B206D00AF03F0 /* News Feature */ = {
			isa = PBXGroup;
			children = (
				768D6B7929C25D2300B12BC6 /* FeedImageDataLoader.swift */,
				769AB914290B22F700AF03F0 /* NewsItem.swift */,
				76287D46290C0787002C7130 /* NewsLoader.swift */,
			);
			path = "News Feature";
			sourceTree = "<group>";
		};
		769EBFBD29B78BAB00D0E8C5 /* CleanNewsiOSTests */ = {
			isa = PBXGroup;
			children = (
				768D6B7E29C25E3600B12BC6 /* Helpers */,
				768D6B7F29C25E3C00B12BC6 /* Feed UI */,
			);
			path = CleanNewsiOSTests;
			sourceTree = "<group>";
		};
		76B16F1B29B693F60019EF1D /* Frameworks */ = {
			isa = PBXGroup;
			children = (
			);
			name = Frameworks;
			sourceTree = "<group>";
		};
		76B2D1A1291008D600F1BA77 /* Helpers */ = {
			isa = PBXGroup;
			children = (
				76B2D1A229100D8000F1BA77 /* XCtestCase+MemoryLeakTracking.swift */,
				76C9E4202929244300394FE3 /* SharedTestHelpers.swift */,
			);
			path = Helpers;
			sourceTree = "<group>";
		};
		76C07A0629DC3CCD00DAD37F /* Helpers */ = {
			isa = PBXGroup;
			children = (
				76C07A0729DC3CDF00DAD37F /* HTTPClientSpy.swift */,
				76C07A0E29DC898500DAD37F /* URLProtocolStub.swift */,
			);
			path = Helpers;
			sourceTree = "<group>";
		};
		76C07A0B29DC888400DAD37F /* Helpers */ = {
			isa = PBXGroup;
			children = (
				76C07A0C29DC88A300DAD37F /* HTTPURLResponse+StatusCode.swift */,
			);
			path = Helpers;
			sourceTree = "<group>";
		};
		76C77D742914418200D0FA47 /* News Cache */ = {
			isa = PBXGroup;
			children = (
				763C0A11292EBD3900EAFDFA /* NewsStoreSpecs */,
				76C9E4192926CD5700394FE3 /* Helpers */,
				76C77D75291441C500D0FA47 /* CacheNewsUseCaseTests.swift */,
				76B67CEE29E95A7C00A958B5 /* CoreDataFeedImageDataStoreTests.swift */,
				76C9E4172926CB7900394FE3 /* LoadNewsFromCacheUseCaseTests.swift */,
				76C9E41C29291A1100394FE3 /* ValidateNewsCacheUseCaseTests.swift */,
				76C9E424292D17AA00394FE3 /* CodableNewsStoreTests.swift */,
				763C0A13292FF2B900EAFDFA /* CoreDataNewsStoreTests.swift */,
				76C07A1029DCB51A00DAD37F /* LoadFeedImageDataFromCacheUseCaseTests.swift */,
				76B67CEC29E8AF7A00A958B5 /* CacheFeedImageDataUseCaseTests.swift */,
			);
			path = "News Cache";
			sourceTree = "<group>";
		};
		76C77D772919204B00D0FA47 /* News Cache */ = {
			isa = PBXGroup;
			children = (
				76534819292D8F3A00A7A012 /* CodableNewsStore.swift */,
				763C0A182934F0ED00EAFDFA /* CoreDataNewsStore.swift */,
				764D9B1129EDDEF000EC6A46 /* CoreDataNewsStore+NewsStore.swift */,
				76C77D782919207600D0FA47 /* LocalNewsLoader.swift */,
				76C9E422292C660B00394FE3 /* NewsCachePolicy.swift */,
				76C77D7A291920EB00D0FA47 /* NewsStore.swift */,
				763C0A152930199B00EAFDFA /* NewsStore.xcdatamodeld */,
				76B67CE629E89B3F00A958B5 /* FeedImageDataStore.swift */,
				76B67CE829E89B8200A958B5 /* LocalFeedImageDataLoader.swift */,
				7604D7FA29EAE3C700165382 /* ManagedNewsItem.swift */,
				76413D3129ED7898003BEE0C /* CoreDataNewsStore+FeedImageDataLoader.swift */,
			);
			path = "News Cache";
			sourceTree = "<group>";
		};
		76C9E4192926CD5700394FE3 /* Helpers */ = {
			isa = PBXGroup;
			children = (
				76C9E41A2926CD6C00394FE3 /* NewsStoreSpy.swift */,
				76C9E41E292922DE00394FE3 /* FeedCacheTestHelpers.swift */,
				76B67CEA29E8AD3F00A958B5 /* FeedImageDataStoreSpy.swift */,
			);
			path = Helpers;
			sourceTree = "<group>";
		};
		76E9CD6329B790CF000B1C69 /* CleanNewsiOS */ = {
			isa = PBXGroup;
			children = (
				768D6B8E29C9D46D00B12BC6 /* Feed Presentation */,
				768D6B7829C25D0800B12BC6 /* Feed Image Loader */,
				768D6B7B29C25D8D00B12BC6 /* Feed UI */,
			);
			path = CleanNewsiOS;
			sourceTree = "<group>";
		};
		76EE4D1028E3148300FB8F68 /* News API */ = {
			isa = PBXGroup;
			children = (
				76C07A0B29DC888400DAD37F /* Helpers */,
				76EE4D1128E3149A00FB8F68 /* RemoteNewsLoader.swift */,
				769AB90929096A2900AF03F0 /* HTTPClient.swift */,
				769AB90B29096A9B00AF03F0 /* NewsItemsMapper.swift */,
				76706BF42911506B00B9D0A0 /* URLSessionHTTPClient.swift */,
				76AFA6F1291A72B300ADEA57 /* RemoteNewsItem.swift */,
				76AFA6F3291A730C00ADEA57 /* LocalNewsItem.swift */,
				76C07A0929DC3E2100DAD37F /* RemoteFeedImageDataLoader.swift */,
			);
			path = "News API";
			sourceTree = "<group>";
		};
		76FACD9528BF84D0000186E2 /* Model */ = {
			isa = PBXGroup;
			children = (
			);
			path = Model;
			sourceTree = "<group>";
		};
/* End PBXGroup section */

/* Begin PBXHeadersBuildPhase section */
		763FD86E29B68EA4000EADF7 /* Headers */ = {
			isa = PBXHeadersBuildPhase;
			buildActionMask = 2147483647;
			files = (
			);
			runOnlyForDeploymentPostprocessing = 0;
		};
		769EBFAD29B78BAB00D0E8C5 /* Headers */ = {
			isa = PBXHeadersBuildPhase;
			buildActionMask = 2147483647;
			files = (
			);
			runOnlyForDeploymentPostprocessing = 0;
		};
/* End PBXHeadersBuildPhase section */

/* Begin PBXNativeTarget section */
		763FD87229B68EA4000EADF7 /* CleanNewsFramework */ = {
			isa = PBXNativeTarget;
			buildConfigurationList = 763FD88629B68EA5000EADF7 /* Build configuration list for PBXNativeTarget "CleanNewsFramework" */;
			buildPhases = (
				763FD86E29B68EA4000EADF7 /* Headers */,
				763FD86F29B68EA4000EADF7 /* Sources */,
				763FD87029B68EA4000EADF7 /* Frameworks */,
				763FD87129B68EA4000EADF7 /* Resources */,
			);
			buildRules = (
			);
			dependencies = (
			);
			name = CleanNewsFramework;
			productName = CleanNewsFramework;
			productReference = 763FD87329B68EA4000EADF7 /* CleanNewsFramework.framework */;
			productType = "com.apple.product-type.framework";
		};
		763FD87929B68EA4000EADF7 /* CleanNewsFrameworkTests */ = {
			isa = PBXNativeTarget;
			buildConfigurationList = 763FD88729B68EA5000EADF7 /* Build configuration list for PBXNativeTarget "CleanNewsFrameworkTests" */;
			buildPhases = (
				763FD87629B68EA4000EADF7 /* Sources */,
				763FD87729B68EA4000EADF7 /* Frameworks */,
				763FD87829B68EA4000EADF7 /* Resources */,
			);
			buildRules = (
			);
			dependencies = (
				763FD87D29B68EA4000EADF7 /* PBXTargetDependency */,
			);
			name = CleanNewsFrameworkTests;
			productName = CleanNewsFrameworkTests;
			productReference = 763FD87A29B68EA4000EADF7 /* CleanNewsFrameworkTests.xctest */;
			productType = "com.apple.product-type.bundle.unit-test";
		};
		7669ED6628A520FE001385B0 /* CleanNews */ = {
			isa = PBXNativeTarget;
			buildConfigurationList = 7669ED8B28A520FF001385B0 /* Build configuration list for PBXNativeTarget "CleanNews" */;
			buildPhases = (
				7669ED6328A520FE001385B0 /* Sources */,
				7669ED6428A520FE001385B0 /* Frameworks */,
				7669ED6528A520FE001385B0 /* Resources */,
				7693B72829D0B5730084CEC5 /* Embed Frameworks */,
			);
			buildRules = (
			);
			dependencies = (
				7693B72729D0B5730084CEC5 /* PBXTargetDependency */,
				7693B72C29D0B5780084CEC5 /* PBXTargetDependency */,
			);
			name = CleanNews;
			productName = CleanNews;
			productReference = 7669ED6728A520FE001385B0 /* CleanNews.app */;
			productType = "com.apple.product-type.application";
		};
		7669ED7628A520FF001385B0 /* CleanNewsTests */ = {
			isa = PBXNativeTarget;
			buildConfigurationList = 7669ED8E28A520FF001385B0 /* Build configuration list for PBXNativeTarget "CleanNewsTests" */;
			buildPhases = (
				7669ED7328A520FF001385B0 /* Sources */,
				7669ED7428A520FF001385B0 /* Frameworks */,
				7669ED7528A520FF001385B0 /* Resources */,
			);
			buildRules = (
			);
			dependencies = (
				7669ED7928A520FF001385B0 /* PBXTargetDependency */,
			);
			name = CleanNewsTests;
			productName = CleanNewsTests;
			productReference = 7669ED7728A520FF001385B0 /* CleanNewsTests.xctest */;
			productType = "com.apple.product-type.bundle.unit-test";
		};
		769EBFB129B78BAB00D0E8C5 /* CleanNewsiOS */ = {
			isa = PBXNativeTarget;
			buildConfigurationList = 769EBFC529B78BAB00D0E8C5 /* Build configuration list for PBXNativeTarget "CleanNewsiOS" */;
			buildPhases = (
				769EBFAD29B78BAB00D0E8C5 /* Headers */,
				769EBFAE29B78BAB00D0E8C5 /* Sources */,
				769EBFAF29B78BAB00D0E8C5 /* Frameworks */,
				769EBFB029B78BAB00D0E8C5 /* Resources */,
				76A1B31729B791B800E0A114 /* Embed Frameworks */,
			);
			buildRules = (
			);
			dependencies = (
				76A1B31629B791B800E0A114 /* PBXTargetDependency */,
			);
			name = CleanNewsiOS;
			productName = CleanNewsiOS;
			productReference = 769EBFB229B78BAB00D0E8C5 /* CleanNewsiOS.framework */;
			productType = "com.apple.product-type.framework";
		};
		769EBFB829B78BAB00D0E8C5 /* CleanNewsiOSTests */ = {
			isa = PBXNativeTarget;
			buildConfigurationList = 769EBFC629B78BAB00D0E8C5 /* Build configuration list for PBXNativeTarget "CleanNewsiOSTests" */;
			buildPhases = (
				769EBFB529B78BAB00D0E8C5 /* Sources */,
				769EBFB629B78BAB00D0E8C5 /* Frameworks */,
				769EBFB729B78BAB00D0E8C5 /* Resources */,
			);
			buildRules = (
			);
			dependencies = (
				769EBFBC29B78BAB00D0E8C5 /* PBXTargetDependency */,
			);
			name = CleanNewsiOSTests;
			productName = CleanNewsiOSTests;
			productReference = 769EBFB929B78BAB00D0E8C5 /* CleanNewsiOSTests.xctest */;
			productType = "com.apple.product-type.bundle.unit-test";
		};
/* End PBXNativeTarget section */

/* Begin PBXProject section */
		7669ED5F28A520FE001385B0 /* Project object */ = {
			isa = PBXProject;
			attributes = {
				BuildIndependentTargetsInParallel = 1;
				LastSwiftUpdateCheck = 1420;
				LastUpgradeCheck = 1340;
				TargetAttributes = {
					763FD87229B68EA4000EADF7 = {
						CreatedOnToolsVersion = 14.2;
					};
					763FD87929B68EA4000EADF7 = {
						CreatedOnToolsVersion = 14.2;
					};
					7669ED6628A520FE001385B0 = {
						CreatedOnToolsVersion = 13.4;
					};
					7669ED7628A520FF001385B0 = {
						CreatedOnToolsVersion = 13.4;
						LastSwiftMigration = 1400;
						TestTargetID = 7669ED6628A520FE001385B0;
					};
					769EBFB129B78BAB00D0E8C5 = {
						CreatedOnToolsVersion = 14.2;
						LastSwiftMigration = 1420;
					};
					769EBFB829B78BAB00D0E8C5 = {
						CreatedOnToolsVersion = 14.2;
						LastSwiftMigration = 1420;
					};
				};
			};
			buildConfigurationList = 7669ED6228A520FE001385B0 /* Build configuration list for PBXProject "CleanNews" */;
			compatibilityVersion = "Xcode 13.0";
			developmentRegion = en;
			hasScannedForEncodings = 0;
			knownRegions = (
				en,
				Base,
			);
			mainGroup = 7669ED5E28A520FE001385B0;
			productRefGroup = 7669ED6828A520FE001385B0 /* Products */;
			projectDirPath = "";
			projectRoot = "";
			targets = (
				7669ED6628A520FE001385B0 /* CleanNews */,
				7669ED7628A520FF001385B0 /* CleanNewsTests */,
				763FD87229B68EA4000EADF7 /* CleanNewsFramework */,
				763FD87929B68EA4000EADF7 /* CleanNewsFrameworkTests */,
				769EBFB129B78BAB00D0E8C5 /* CleanNewsiOS */,
				769EBFB829B78BAB00D0E8C5 /* CleanNewsiOSTests */,
			);
		};
/* End PBXProject section */

/* Begin PBXResourcesBuildPhase section */
		763FD87129B68EA4000EADF7 /* Resources */ = {
			isa = PBXResourcesBuildPhase;
			buildActionMask = 2147483647;
			files = (
			);
			runOnlyForDeploymentPostprocessing = 0;
		};
		763FD87829B68EA4000EADF7 /* Resources */ = {
			isa = PBXResourcesBuildPhase;
			buildActionMask = 2147483647;
			files = (
			);
			runOnlyForDeploymentPostprocessing = 0;
		};
		7669ED6528A520FE001385B0 /* Resources */ = {
			isa = PBXResourcesBuildPhase;
			buildActionMask = 2147483647;
			files = (
				7669ED7228A520FF001385B0 /* Preview Assets.xcassets in Resources */,
				7669ED6F28A520FF001385B0 /* Assets.xcassets in Resources */,
			);
			runOnlyForDeploymentPostprocessing = 0;
		};
		7669ED7528A520FF001385B0 /* Resources */ = {
			isa = PBXResourcesBuildPhase;
			buildActionMask = 2147483647;
			files = (
			);
			runOnlyForDeploymentPostprocessing = 0;
		};
		769EBFB029B78BAB00D0E8C5 /* Resources */ = {
			isa = PBXResourcesBuildPhase;
			buildActionMask = 2147483647;
			files = (
			);
			runOnlyForDeploymentPostprocessing = 0;
		};
		769EBFB729B78BAB00D0E8C5 /* Resources */ = {
			isa = PBXResourcesBuildPhase;
			buildActionMask = 2147483647;
			files = (
			);
			runOnlyForDeploymentPostprocessing = 0;
		};
/* End PBXResourcesBuildPhase section */

/* Begin PBXSourcesBuildPhase section */
		763FD86F29B68EA4000EADF7 /* Sources */ = {
			isa = PBXSourcesBuildPhase;
			buildActionMask = 2147483647;
			files = (
				7693B72D29D32C740084CEC5 /* FeedImageDataLoader.swift in Sources */,
				76B16EF829B68FF80019EF1D /* NewsCachePolicy.swift in Sources */,
				76B16EF929B68FFE0019EF1D /* CodableNewsStore.swift in Sources */,
				76B16EFA29B6900D0019EF1D /* NewsStore.xcdatamodeld in Sources */,
				764D9B1229EDDEF000EC6A46 /* CoreDataNewsStore+NewsStore.swift in Sources */,
				76B16F0029B6903E0019EF1D /* RemoteNewsLoader.swift in Sources */,
				76B16F0229B6904C0019EF1D /* NewsItemsMapper.swift in Sources */,
				76B16EF729B68FF30019EF1D /* NewsStore.swift in Sources */,
				76B67CE929E89B8200A958B5 /* LocalFeedImageDataLoader.swift in Sources */,
				76B67CE729E89B3F00A958B5 /* FeedImageDataStore.swift in Sources */,
				76C07A0D29DC88A300DAD37F /* HTTPURLResponse+StatusCode.swift in Sources */,
				76B16F0529B6905A0019EF1D /* LocalNewsItem.swift in Sources */,
				76B16F0329B690510019EF1D /* URLSessionHTTPClient.swift in Sources */,
				76B16F0429B690550019EF1D /* RemoteNewsItem.swift in Sources */,
				7604D7FB29EAE3C700165382 /* ManagedNewsItem.swift in Sources */,
				76B16F0129B690470019EF1D /* HTTPClient.swift in Sources */,
				76B16EFD29B690240019EF1D /* NewsItem.swift in Sources */,
				76B16EFE29B690330019EF1D /* NewsLoader.swift in Sources */,
				76B16EF629B68FED0019EF1D /* LocalNewsLoader.swift in Sources */,
				76C07A0A29DC3E2100DAD37F /* RemoteFeedImageDataLoader.swift in Sources */,
				76B16EFB29B690170019EF1D /* CoreDataNewsStore.swift in Sources */,
				76413D3229ED7898003BEE0C /* CoreDataNewsStore+FeedImageDataLoader.swift in Sources */,
			);
			runOnlyForDeploymentPostprocessing = 0;
		};
		763FD87629B68EA4000EADF7 /* Sources */ = {
			isa = PBXSourcesBuildPhase;
			buildActionMask = 2147483647;
			files = (
				76B16F0A29B690810019EF1D /* XCTestaCase+NewsStoreSpecs.swift in Sources */,
				76B16F1729B690BC0019EF1D /* RemoteNewsLoaderTests.swift in Sources */,
				76B16F0E29B6908F0019EF1D /* XCTestCase+FailableInsertNewsStoreSpecs.swift in Sources */,
				76B16F1829B690C10019EF1D /* URLSessionHTTPClientTests.swift in Sources */,
				76B16F0D29B6908B0019EF1D /* XCTestCase+FailableDeleteNewsStoreSpecs.swift in Sources */,
				76B16F0F29B690940019EF1D /* NewsStoreSpy.swift in Sources */,
				76B67CED29E8AF7A00A958B5 /* CacheFeedImageDataUseCaseTests.swift in Sources */,
				76B16F1129B6909A0019EF1D /* FeedCacheTestHelpers.swift in Sources */,
				76C07A0829DC3CDF00DAD37F /* HTTPClientSpy.swift in Sources */,
				76B16F0929B6907E0019EF1D /* NewsStoreSpecs.swift in Sources */,
				76B16F0829B690710019EF1D /* SharedTestHelpers.swift in Sources */,
				76B16F1229B6909E0019EF1D /* CacheNewsUseCaseTests.swift in Sources */,
				76B16F1529B690AE0019EF1D /* CodableNewsStoreTests.swift in Sources */,
				76B16F0729B690680019EF1D /* XCtestCase+MemoryLeakTracking.swift in Sources */,
				7693B72F29D32E290084CEC5 /* LoadFeedImageDataFromRemoteUseCaseTests.swift in Sources */,
				76B16F1429B690A80019EF1D /* ValidateNewsCacheUseCaseTests.swift in Sources */,
				76C07A0F29DC898500DAD37F /* URLProtocolStub.swift in Sources */,
				76C07A1129DCB51A00DAD37F /* LoadFeedImageDataFromCacheUseCaseTests.swift in Sources */,
				76B16F1629B690B60019EF1D /* CoreDataNewsStoreTests.swift in Sources */,
				76B16F0B29B690850019EF1D /* XCTestCase+FailableRetrieveNewsStoreSpecs.swift in Sources */,
				76B67CEB29E8AD3F00A958B5 /* FeedImageDataStoreSpy.swift in Sources */,
				76B67CEF29E95A7C00A958B5 /* CoreDataFeedImageDataStoreTests.swift in Sources */,
				76B16F1329B690A30019EF1D /* LoadNewsFromCacheUseCaseTests.swift in Sources */,
			);
			runOnlyForDeploymentPostprocessing = 0;
		};
		7669ED6328A520FE001385B0 /* Sources */ = {
			isa = PBXSourcesBuildPhase;
			buildActionMask = 2147483647;
			files = (
				7669ED6D28A520FE001385B0 /* ContentView.swift in Sources */,
				76B16F1929B690EE0019EF1D /* OldNewsLoader.swift in Sources */,
				76DCE7E628ABA9DD00DD973B /* API.swift in Sources */,
				76B16F1A29B691320019EF1D /* News.swift in Sources */,
				7669ED6B28A520FE001385B0 /* CleanNewsApp.swift in Sources */,
				7624EE6429F6978300BD72FB /* Privates.swift in Sources */,
			);
			runOnlyForDeploymentPostprocessing = 0;
		};
		7669ED7328A520FF001385B0 /* Sources */ = {
			isa = PBXSourcesBuildPhase;
			buildActionMask = 2147483647;
			files = (
			);
			runOnlyForDeploymentPostprocessing = 0;
		};
		769EBFAE29B78BAB00D0E8C5 /* Sources */ = {
			isa = PBXSourcesBuildPhase;
			buildActionMask = 2147483647;
			files = (
				768D6B8829C4CA0800B12BC6 /* NewsFeedUIComposer.swift in Sources */,
				768D6B9229C9E61800B12BC6 /* NewsFeedImageViewModel.swift in Sources */,
				768D6B9029C9D4FB00B12BC6 /* NewsFeedPresenter.swift in Sources */,
				766AB47E29CA5CAD00C55424 /* NewsFeedImagePresenter.swift in Sources */,
				760991D829B8B44500FDFB46 /* NewsFeedViewController.swift in Sources */,
				760991DA29B8D01E00FDFB46 /* NewsItemCell.swift in Sources */,
				768D6B8329C270D300B12BC6 /* NewsRefreshController.swift in Sources */,
				768D6B8529C3D2B700B12BC6 /* NewsImageCellController.swift in Sources */,
				768D6B7729BFC33A00B12BC6 /* UiView+Shimmering.swift in Sources */,
			);
			runOnlyForDeploymentPostprocessing = 0;
		};
		769EBFB529B78BAB00D0E8C5 /* Sources */ = {
			isa = PBXSourcesBuildPhase;
			buildActionMask = 2147483647;
			files = (
				769EBFC829B78C0F00D0E8C5 /* NewsFeedViewControllerTests.swift in Sources */,
				760991D629B7957B00FDFB46 /* XCtestCase+MemoryLeakTracking.swift in Sources */,
			);
			runOnlyForDeploymentPostprocessing = 0;
		};
/* End PBXSourcesBuildPhase section */

/* Begin PBXTargetDependency section */
		763FD87D29B68EA4000EADF7 /* PBXTargetDependency */ = {
			isa = PBXTargetDependency;
			target = 763FD87229B68EA4000EADF7 /* CleanNewsFramework */;
			targetProxy = 763FD87C29B68EA4000EADF7 /* PBXContainerItemProxy */;
		};
		7669ED7928A520FF001385B0 /* PBXTargetDependency */ = {
			isa = PBXTargetDependency;
			target = 7669ED6628A520FE001385B0 /* CleanNews */;
			targetProxy = 7669ED7828A520FF001385B0 /* PBXContainerItemProxy */;
		};
		7693B72729D0B5730084CEC5 /* PBXTargetDependency */ = {
			isa = PBXTargetDependency;
			target = 763FD87229B68EA4000EADF7 /* CleanNewsFramework */;
			targetProxy = 7693B72629D0B5730084CEC5 /* PBXContainerItemProxy */;
		};
		7693B72C29D0B5780084CEC5 /* PBXTargetDependency */ = {
			isa = PBXTargetDependency;
			target = 769EBFB129B78BAB00D0E8C5 /* CleanNewsiOS */;
			targetProxy = 7693B72B29D0B5780084CEC5 /* PBXContainerItemProxy */;
		};
		769EBFBC29B78BAB00D0E8C5 /* PBXTargetDependency */ = {
			isa = PBXTargetDependency;
			target = 769EBFB129B78BAB00D0E8C5 /* CleanNewsiOS */;
			targetProxy = 769EBFBB29B78BAB00D0E8C5 /* PBXContainerItemProxy */;
		};
		76A1B31629B791B800E0A114 /* PBXTargetDependency */ = {
			isa = PBXTargetDependency;
			platformFilter = ios;
			target = 763FD87229B68EA4000EADF7 /* CleanNewsFramework */;
			targetProxy = 76A1B31529B791B800E0A114 /* PBXContainerItemProxy */;
		};
/* End PBXTargetDependency section */

/* Begin XCBuildConfiguration section */
		763FD88229B68EA5000EADF7 /* Debug */ = {
			isa = XCBuildConfiguration;
			buildSettings = {
				CLANG_CXX_LANGUAGE_STANDARD = "gnu++20";
				CODE_SIGN_STYLE = Automatic;
				COMBINE_HIDPI_IMAGES = YES;
				CURRENT_PROJECT_VERSION = 1;
				DEFINES_MODULE = YES;
				DEVELOPMENT_TEAM = F342975UV4;
				DYLIB_COMPATIBILITY_VERSION = 1;
				DYLIB_CURRENT_VERSION = 1;
				DYLIB_INSTALL_NAME_BASE = "@rpath";
				GENERATE_INFOPLIST_FILE = YES;
				INFOPLIST_KEY_NSHumanReadableCopyright = "";
				INSTALL_PATH = "$(LOCAL_LIBRARY_DIR)/Frameworks";
				IPHONEOS_DEPLOYMENT_TARGET = 15.0;
				LD_RUNPATH_SEARCH_PATHS = (
					"$(inherited)",
					"@executable_path/../Frameworks",
					"@loader_path/Frameworks",
				);
				MACOSX_DEPLOYMENT_TARGET = 12.4;
				MARKETING_VERSION = 1.0;
				PRODUCT_BUNDLE_IDENTIFIER = net.efepe.CleanNewsFramework;
				PRODUCT_NAME = "$(TARGET_NAME:c99extidentifier)";
				SDKROOT = macosx;
				SKIP_INSTALL = YES;
				SUPPORTED_PLATFORMS = "iphoneos iphonesimulator macosx";
				SUPPORTS_MACCATALYST = NO;
				SUPPORTS_MAC_DESIGNED_FOR_IPHONE_IPAD = NO;
				SWIFT_EMIT_LOC_STRINGS = YES;
				SWIFT_VERSION = 5.0;
				TARGETED_DEVICE_FAMILY = 1;
				VERSIONING_SYSTEM = "apple-generic";
				VERSION_INFO_PREFIX = "";
			};
			name = Debug;
		};
		763FD88329B68EA5000EADF7 /* Release */ = {
			isa = XCBuildConfiguration;
			buildSettings = {
				CLANG_CXX_LANGUAGE_STANDARD = "gnu++20";
				CODE_SIGN_STYLE = Automatic;
				COMBINE_HIDPI_IMAGES = YES;
				CURRENT_PROJECT_VERSION = 1;
				DEFINES_MODULE = YES;
				DEVELOPMENT_TEAM = F342975UV4;
				DYLIB_COMPATIBILITY_VERSION = 1;
				DYLIB_CURRENT_VERSION = 1;
				DYLIB_INSTALL_NAME_BASE = "@rpath";
				GENERATE_INFOPLIST_FILE = YES;
				INFOPLIST_KEY_NSHumanReadableCopyright = "";
				INSTALL_PATH = "$(LOCAL_LIBRARY_DIR)/Frameworks";
				IPHONEOS_DEPLOYMENT_TARGET = 15.0;
				LD_RUNPATH_SEARCH_PATHS = (
					"$(inherited)",
					"@executable_path/../Frameworks",
					"@loader_path/Frameworks",
				);
				MACOSX_DEPLOYMENT_TARGET = 12.4;
				MARKETING_VERSION = 1.0;
				PRODUCT_BUNDLE_IDENTIFIER = net.efepe.CleanNewsFramework;
				PRODUCT_NAME = "$(TARGET_NAME:c99extidentifier)";
				SDKROOT = macosx;
				SKIP_INSTALL = YES;
				SUPPORTED_PLATFORMS = "iphoneos iphonesimulator macosx";
				SUPPORTS_MACCATALYST = NO;
				SUPPORTS_MAC_DESIGNED_FOR_IPHONE_IPAD = NO;
				SWIFT_EMIT_LOC_STRINGS = YES;
				SWIFT_VERSION = 5.0;
				TARGETED_DEVICE_FAMILY = 1;
				VERSIONING_SYSTEM = "apple-generic";
				VERSION_INFO_PREFIX = "";
			};
			name = Release;
		};
		763FD88429B68EA5000EADF7 /* Debug */ = {
			isa = XCBuildConfiguration;
			buildSettings = {
				ALWAYS_EMBED_SWIFT_STANDARD_LIBRARIES = YES;
				CLANG_CXX_LANGUAGE_STANDARD = "gnu++20";
				CODE_SIGN_STYLE = Automatic;
				CURRENT_PROJECT_VERSION = 1;
				DEVELOPMENT_TEAM = F342975UV4;
				GENERATE_INFOPLIST_FILE = YES;
				MACOSX_DEPLOYMENT_TARGET = 12.4;
				MARKETING_VERSION = 1.0;
				PRODUCT_BUNDLE_IDENTIFIER = net.efepe.CleanNewsFrameworkTests;
				PRODUCT_NAME = "$(TARGET_NAME)";
				SDKROOT = macosx;
				SWIFT_EMIT_LOC_STRINGS = NO;
				SWIFT_VERSION = 5.0;
			};
			name = Debug;
		};
		763FD88529B68EA5000EADF7 /* Release */ = {
			isa = XCBuildConfiguration;
			buildSettings = {
				ALWAYS_EMBED_SWIFT_STANDARD_LIBRARIES = YES;
				CLANG_CXX_LANGUAGE_STANDARD = "gnu++20";
				CODE_SIGN_STYLE = Automatic;
				CURRENT_PROJECT_VERSION = 1;
				DEVELOPMENT_TEAM = F342975UV4;
				GENERATE_INFOPLIST_FILE = YES;
				MACOSX_DEPLOYMENT_TARGET = 12.4;
				MARKETING_VERSION = 1.0;
				PRODUCT_BUNDLE_IDENTIFIER = net.efepe.CleanNewsFrameworkTests;
				PRODUCT_NAME = "$(TARGET_NAME)";
				SDKROOT = macosx;
				SWIFT_EMIT_LOC_STRINGS = NO;
				SWIFT_VERSION = 5.0;
			};
			name = Release;
		};
		7669ED8928A520FF001385B0 /* Debug */ = {
			isa = XCBuildConfiguration;
			buildSettings = {
				ALWAYS_SEARCH_USER_PATHS = NO;
				CLANG_ANALYZER_NONNULL = YES;
				CLANG_ANALYZER_NUMBER_OBJECT_CONVERSION = YES_AGGRESSIVE;
				CLANG_CXX_LANGUAGE_STANDARD = "gnu++17";
				CLANG_ENABLE_MODULES = YES;
				CLANG_ENABLE_OBJC_ARC = YES;
				CLANG_ENABLE_OBJC_WEAK = YES;
				CLANG_WARN_BLOCK_CAPTURE_AUTORELEASING = YES;
				CLANG_WARN_BOOL_CONVERSION = YES;
				CLANG_WARN_COMMA = YES;
				CLANG_WARN_CONSTANT_CONVERSION = YES;
				CLANG_WARN_DEPRECATED_OBJC_IMPLEMENTATIONS = YES;
				CLANG_WARN_DIRECT_OBJC_ISA_USAGE = YES_ERROR;
				CLANG_WARN_DOCUMENTATION_COMMENTS = YES;
				CLANG_WARN_EMPTY_BODY = YES;
				CLANG_WARN_ENUM_CONVERSION = YES;
				CLANG_WARN_INFINITE_RECURSION = YES;
				CLANG_WARN_INT_CONVERSION = YES;
				CLANG_WARN_NON_LITERAL_NULL_CONVERSION = YES;
				CLANG_WARN_OBJC_IMPLICIT_RETAIN_SELF = YES;
				CLANG_WARN_OBJC_LITERAL_CONVERSION = YES;
				CLANG_WARN_OBJC_ROOT_CLASS = YES_ERROR;
				CLANG_WARN_QUOTED_INCLUDE_IN_FRAMEWORK_HEADER = YES;
				CLANG_WARN_RANGE_LOOP_ANALYSIS = YES;
				CLANG_WARN_STRICT_PROTOTYPES = YES;
				CLANG_WARN_SUSPICIOUS_MOVE = YES;
				CLANG_WARN_UNGUARDED_AVAILABILITY = YES_AGGRESSIVE;
				CLANG_WARN_UNREACHABLE_CODE = YES;
				CLANG_WARN__DUPLICATE_METHOD_MATCH = YES;
				COPY_PHASE_STRIP = NO;
				DEBUG_INFORMATION_FORMAT = dwarf;
				ENABLE_STRICT_OBJC_MSGSEND = YES;
				ENABLE_TESTABILITY = YES;
				GCC_C_LANGUAGE_STANDARD = gnu11;
				GCC_DYNAMIC_NO_PIC = NO;
				GCC_NO_COMMON_BLOCKS = YES;
				GCC_OPTIMIZATION_LEVEL = 0;
				GCC_PREPROCESSOR_DEFINITIONS = (
					"DEBUG=1",
					"$(inherited)",
				);
				GCC_WARN_64_TO_32_BIT_CONVERSION = YES;
				GCC_WARN_ABOUT_RETURN_TYPE = YES_ERROR;
				GCC_WARN_UNDECLARED_SELECTOR = YES;
				GCC_WARN_UNINITIALIZED_AUTOS = YES_AGGRESSIVE;
				GCC_WARN_UNUSED_FUNCTION = YES;
				GCC_WARN_UNUSED_VARIABLE = YES;
				IPHONEOS_DEPLOYMENT_TARGET = 15.5;
				MTL_ENABLE_DEBUG_INFO = INCLUDE_SOURCE;
				MTL_FAST_MATH = YES;
				ONLY_ACTIVE_ARCH = YES;
				SDKROOT = iphoneos;
				SWIFT_ACTIVE_COMPILATION_CONDITIONS = DEBUG;
				SWIFT_OPTIMIZATION_LEVEL = "-Onone";
			};
			name = Debug;
		};
		7669ED8A28A520FF001385B0 /* Release */ = {
			isa = XCBuildConfiguration;
			buildSettings = {
				ALWAYS_SEARCH_USER_PATHS = NO;
				CLANG_ANALYZER_NONNULL = YES;
				CLANG_ANALYZER_NUMBER_OBJECT_CONVERSION = YES_AGGRESSIVE;
				CLANG_CXX_LANGUAGE_STANDARD = "gnu++17";
				CLANG_ENABLE_MODULES = YES;
				CLANG_ENABLE_OBJC_ARC = YES;
				CLANG_ENABLE_OBJC_WEAK = YES;
				CLANG_WARN_BLOCK_CAPTURE_AUTORELEASING = YES;
				CLANG_WARN_BOOL_CONVERSION = YES;
				CLANG_WARN_COMMA = YES;
				CLANG_WARN_CONSTANT_CONVERSION = YES;
				CLANG_WARN_DEPRECATED_OBJC_IMPLEMENTATIONS = YES;
				CLANG_WARN_DIRECT_OBJC_ISA_USAGE = YES_ERROR;
				CLANG_WARN_DOCUMENTATION_COMMENTS = YES;
				CLANG_WARN_EMPTY_BODY = YES;
				CLANG_WARN_ENUM_CONVERSION = YES;
				CLANG_WARN_INFINITE_RECURSION = YES;
				CLANG_WARN_INT_CONVERSION = YES;
				CLANG_WARN_NON_LITERAL_NULL_CONVERSION = YES;
				CLANG_WARN_OBJC_IMPLICIT_RETAIN_SELF = YES;
				CLANG_WARN_OBJC_LITERAL_CONVERSION = YES;
				CLANG_WARN_OBJC_ROOT_CLASS = YES_ERROR;
				CLANG_WARN_QUOTED_INCLUDE_IN_FRAMEWORK_HEADER = YES;
				CLANG_WARN_RANGE_LOOP_ANALYSIS = YES;
				CLANG_WARN_STRICT_PROTOTYPES = YES;
				CLANG_WARN_SUSPICIOUS_MOVE = YES;
				CLANG_WARN_UNGUARDED_AVAILABILITY = YES_AGGRESSIVE;
				CLANG_WARN_UNREACHABLE_CODE = YES;
				CLANG_WARN__DUPLICATE_METHOD_MATCH = YES;
				COPY_PHASE_STRIP = NO;
				DEBUG_INFORMATION_FORMAT = "dwarf-with-dsym";
				ENABLE_NS_ASSERTIONS = NO;
				ENABLE_STRICT_OBJC_MSGSEND = YES;
				GCC_C_LANGUAGE_STANDARD = gnu11;
				GCC_NO_COMMON_BLOCKS = YES;
				GCC_WARN_64_TO_32_BIT_CONVERSION = YES;
				GCC_WARN_ABOUT_RETURN_TYPE = YES_ERROR;
				GCC_WARN_UNDECLARED_SELECTOR = YES;
				GCC_WARN_UNINITIALIZED_AUTOS = YES_AGGRESSIVE;
				GCC_WARN_UNUSED_FUNCTION = YES;
				GCC_WARN_UNUSED_VARIABLE = YES;
				IPHONEOS_DEPLOYMENT_TARGET = 15.5;
				MTL_ENABLE_DEBUG_INFO = NO;
				MTL_FAST_MATH = YES;
				SDKROOT = iphoneos;
				SWIFT_COMPILATION_MODE = wholemodule;
				SWIFT_OPTIMIZATION_LEVEL = "-O";
				VALIDATE_PRODUCT = YES;
			};
			name = Release;
		};
		7669ED8C28A520FF001385B0 /* Debug */ = {
			isa = XCBuildConfiguration;
			buildSettings = {
				ASSETCATALOG_COMPILER_APPICON_NAME = AppIcon;
				ASSETCATALOG_COMPILER_GLOBAL_ACCENT_COLOR_NAME = AccentColor;
				CODE_SIGN_STYLE = Automatic;
				CURRENT_PROJECT_VERSION = 1;
				DEVELOPMENT_ASSET_PATHS = "\"CleanNews/Preview Content\"";
				DEVELOPMENT_TEAM = F342975UV4;
				ENABLE_PREVIEWS = YES;
				GENERATE_INFOPLIST_FILE = YES;
				INFOPLIST_KEY_UIApplicationSceneManifest_Generation = YES;
				INFOPLIST_KEY_UIApplicationSupportsIndirectInputEvents = YES;
				INFOPLIST_KEY_UILaunchScreen_Generation = YES;
				INFOPLIST_KEY_UISupportedInterfaceOrientations_iPad = "UIInterfaceOrientationPortrait UIInterfaceOrientationPortraitUpsideDown UIInterfaceOrientationLandscapeLeft UIInterfaceOrientationLandscapeRight";
				INFOPLIST_KEY_UISupportedInterfaceOrientations_iPhone = "UIInterfaceOrientationPortrait UIInterfaceOrientationLandscapeLeft UIInterfaceOrientationLandscapeRight";
				IPHONEOS_DEPLOYMENT_TARGET = 15.0;
				LD_RUNPATH_SEARCH_PATHS = (
					"$(inherited)",
					"@executable_path/Frameworks",
				);
				MARKETING_VERSION = 1.0;
				PRODUCT_BUNDLE_IDENTIFIER = net.efepe.CleanNews;
				PRODUCT_NAME = "$(TARGET_NAME)";
				SUPPORTED_PLATFORMS = "iphonesimulator iphoneos";
				SWIFT_EMIT_LOC_STRINGS = YES;
				SWIFT_VERSION = 5.0;
				TARGETED_DEVICE_FAMILY = "1,2";
			};
			name = Debug;
		};
		7669ED8D28A520FF001385B0 /* Release */ = {
			isa = XCBuildConfiguration;
			buildSettings = {
				ASSETCATALOG_COMPILER_APPICON_NAME = AppIcon;
				ASSETCATALOG_COMPILER_GLOBAL_ACCENT_COLOR_NAME = AccentColor;
				CODE_SIGN_STYLE = Automatic;
				CURRENT_PROJECT_VERSION = 1;
				DEVELOPMENT_ASSET_PATHS = "\"CleanNews/Preview Content\"";
				DEVELOPMENT_TEAM = F342975UV4;
				ENABLE_PREVIEWS = YES;
				GENERATE_INFOPLIST_FILE = YES;
				INFOPLIST_KEY_UIApplicationSceneManifest_Generation = YES;
				INFOPLIST_KEY_UIApplicationSupportsIndirectInputEvents = YES;
				INFOPLIST_KEY_UILaunchScreen_Generation = YES;
				INFOPLIST_KEY_UISupportedInterfaceOrientations_iPad = "UIInterfaceOrientationPortrait UIInterfaceOrientationPortraitUpsideDown UIInterfaceOrientationLandscapeLeft UIInterfaceOrientationLandscapeRight";
				INFOPLIST_KEY_UISupportedInterfaceOrientations_iPhone = "UIInterfaceOrientationPortrait UIInterfaceOrientationLandscapeLeft UIInterfaceOrientationLandscapeRight";
				IPHONEOS_DEPLOYMENT_TARGET = 15.0;
				LD_RUNPATH_SEARCH_PATHS = (
					"$(inherited)",
					"@executable_path/Frameworks",
				);
				MARKETING_VERSION = 1.0;
				PRODUCT_BUNDLE_IDENTIFIER = net.efepe.CleanNews;
				PRODUCT_NAME = "$(TARGET_NAME)";
				SUPPORTED_PLATFORMS = "iphonesimulator iphoneos";
				SWIFT_EMIT_LOC_STRINGS = YES;
				SWIFT_VERSION = 5.0;
				TARGETED_DEVICE_FAMILY = "1,2";
			};
			name = Release;
		};
		7669ED8F28A520FF001385B0 /* Debug */ = {
			isa = XCBuildConfiguration;
			buildSettings = {
				ALWAYS_EMBED_SWIFT_STANDARD_LIBRARIES = YES;
				BUNDLE_LOADER = "$(TEST_HOST)";
				CLANG_ENABLE_MODULES = YES;
				CODE_SIGN_STYLE = Automatic;
				CURRENT_PROJECT_VERSION = 1;
				DEVELOPMENT_TEAM = F342975UV4;
				GENERATE_INFOPLIST_FILE = YES;
				IPHONEOS_DEPLOYMENT_TARGET = 15.5;
				LD_RUNPATH_SEARCH_PATHS = (
					"$(inherited)",
					"@executable_path/Frameworks",
					"@loader_path/Frameworks",
				);
				MARKETING_VERSION = 1.0;
				PRODUCT_BUNDLE_IDENTIFIER = net.efepe.CleanNewsTests;
				PRODUCT_NAME = "$(TARGET_NAME)";
				SUPPORTED_PLATFORMS = "iphonesimulator iphoneos";
				SWIFT_EMIT_LOC_STRINGS = NO;
				SWIFT_OPTIMIZATION_LEVEL = "-Onone";
				SWIFT_VERSION = 5.0;
				TARGETED_DEVICE_FAMILY = "1,2";
				TEST_HOST = "$(BUILT_PRODUCTS_DIR)/CleanNews.app/CleanNews";
			};
			name = Debug;
		};
		7669ED9028A520FF001385B0 /* Release */ = {
			isa = XCBuildConfiguration;
			buildSettings = {
				ALWAYS_EMBED_SWIFT_STANDARD_LIBRARIES = YES;
				BUNDLE_LOADER = "$(TEST_HOST)";
				CLANG_ENABLE_MODULES = YES;
				CODE_SIGN_STYLE = Automatic;
				CURRENT_PROJECT_VERSION = 1;
				DEVELOPMENT_TEAM = F342975UV4;
				GENERATE_INFOPLIST_FILE = YES;
				IPHONEOS_DEPLOYMENT_TARGET = 15.5;
				LD_RUNPATH_SEARCH_PATHS = (
					"$(inherited)",
					"@executable_path/Frameworks",
					"@loader_path/Frameworks",
				);
				MARKETING_VERSION = 1.0;
				PRODUCT_BUNDLE_IDENTIFIER = net.efepe.CleanNewsTests;
				PRODUCT_NAME = "$(TARGET_NAME)";
				SUPPORTED_PLATFORMS = "iphonesimulator iphoneos";
				SWIFT_EMIT_LOC_STRINGS = NO;
				SWIFT_VERSION = 5.0;
				TARGETED_DEVICE_FAMILY = "1,2";
				TEST_HOST = "$(BUILT_PRODUCTS_DIR)/CleanNews.app/CleanNews";
			};
			name = Release;
		};
		769EBFC129B78BAB00D0E8C5 /* Debug */ = {
			isa = XCBuildConfiguration;
			buildSettings = {
				CLANG_CXX_LANGUAGE_STANDARD = "gnu++20";
				CLANG_ENABLE_MODULES = YES;
				CODE_SIGN_STYLE = Automatic;
				CURRENT_PROJECT_VERSION = 1;
				DEFINES_MODULE = YES;
				DEVELOPMENT_TEAM = F342975UV4;
				DYLIB_COMPATIBILITY_VERSION = 1;
				DYLIB_CURRENT_VERSION = 1;
				DYLIB_INSTALL_NAME_BASE = "@rpath";
				GENERATE_INFOPLIST_FILE = YES;
				INFOPLIST_KEY_NSHumanReadableCopyright = "";
				INSTALL_PATH = "$(LOCAL_LIBRARY_DIR)/Frameworks";
				IPHONEOS_DEPLOYMENT_TARGET = 15.0;
				LD_RUNPATH_SEARCH_PATHS = (
					"$(inherited)",
					"@executable_path/Frameworks",
					"@loader_path/Frameworks",
				);
				MARKETING_VERSION = 1.0;
				PRODUCT_BUNDLE_IDENTIFIER = net.efepe.CleanNewsiOS;
				PRODUCT_NAME = "$(TARGET_NAME:c99extidentifier)";
				SKIP_INSTALL = YES;
				SWIFT_EMIT_LOC_STRINGS = YES;
				SWIFT_OPTIMIZATION_LEVEL = "-Onone";
				SWIFT_VERSION = 5.0;
				TARGETED_DEVICE_FAMILY = "1,2";
				VERSIONING_SYSTEM = "apple-generic";
				VERSION_INFO_PREFIX = "";
			};
			name = Debug;
		};
		769EBFC229B78BAB00D0E8C5 /* Release */ = {
			isa = XCBuildConfiguration;
			buildSettings = {
				CLANG_CXX_LANGUAGE_STANDARD = "gnu++20";
				CLANG_ENABLE_MODULES = YES;
				CODE_SIGN_STYLE = Automatic;
				CURRENT_PROJECT_VERSION = 1;
				DEFINES_MODULE = YES;
				DEVELOPMENT_TEAM = F342975UV4;
				DYLIB_COMPATIBILITY_VERSION = 1;
				DYLIB_CURRENT_VERSION = 1;
				DYLIB_INSTALL_NAME_BASE = "@rpath";
				GENERATE_INFOPLIST_FILE = YES;
				INFOPLIST_KEY_NSHumanReadableCopyright = "";
				INSTALL_PATH = "$(LOCAL_LIBRARY_DIR)/Frameworks";
				IPHONEOS_DEPLOYMENT_TARGET = 15.0;
				LD_RUNPATH_SEARCH_PATHS = (
					"$(inherited)",
					"@executable_path/Frameworks",
					"@loader_path/Frameworks",
				);
				MARKETING_VERSION = 1.0;
				PRODUCT_BUNDLE_IDENTIFIER = net.efepe.CleanNewsiOS;
				PRODUCT_NAME = "$(TARGET_NAME:c99extidentifier)";
				SKIP_INSTALL = YES;
				SWIFT_EMIT_LOC_STRINGS = YES;
				SWIFT_VERSION = 5.0;
				TARGETED_DEVICE_FAMILY = "1,2";
				VERSIONING_SYSTEM = "apple-generic";
				VERSION_INFO_PREFIX = "";
			};
			name = Release;
		};
		769EBFC329B78BAB00D0E8C5 /* Debug */ = {
			isa = XCBuildConfiguration;
			buildSettings = {
				ALWAYS_EMBED_SWIFT_STANDARD_LIBRARIES = YES;
				CLANG_CXX_LANGUAGE_STANDARD = "gnu++20";
				CLANG_ENABLE_MODULES = YES;
				CODE_SIGN_STYLE = Automatic;
				CURRENT_PROJECT_VERSION = 1;
				DEVELOPMENT_TEAM = F342975UV4;
				GENERATE_INFOPLIST_FILE = YES;
				IPHONEOS_DEPLOYMENT_TARGET = 16.2;
				LD_RUNPATH_SEARCH_PATHS = (
					"$(inherited)",
					"@executable_path/Frameworks",
					"@loader_path/Frameworks",
				);
				MARKETING_VERSION = 1.0;
				PRODUCT_BUNDLE_IDENTIFIER = net.efepe.CleanNewsiOSTests;
				PRODUCT_NAME = "$(TARGET_NAME)";
				SWIFT_EMIT_LOC_STRINGS = NO;
				SWIFT_OPTIMIZATION_LEVEL = "-Onone";
				SWIFT_VERSION = 5.0;
				TARGETED_DEVICE_FAMILY = "1,2";
			};
			name = Debug;
		};
		769EBFC429B78BAB00D0E8C5 /* Release */ = {
			isa = XCBuildConfiguration;
			buildSettings = {
				ALWAYS_EMBED_SWIFT_STANDARD_LIBRARIES = YES;
				CLANG_CXX_LANGUAGE_STANDARD = "gnu++20";
				CLANG_ENABLE_MODULES = YES;
				CODE_SIGN_STYLE = Automatic;
				CURRENT_PROJECT_VERSION = 1;
				DEVELOPMENT_TEAM = F342975UV4;
				GENERATE_INFOPLIST_FILE = YES;
				IPHONEOS_DEPLOYMENT_TARGET = 16.2;
				LD_RUNPATH_SEARCH_PATHS = (
					"$(inherited)",
					"@executable_path/Frameworks",
					"@loader_path/Frameworks",
				);
				MARKETING_VERSION = 1.0;
				PRODUCT_BUNDLE_IDENTIFIER = net.efepe.CleanNewsiOSTests;
				PRODUCT_NAME = "$(TARGET_NAME)";
				SWIFT_EMIT_LOC_STRINGS = NO;
				SWIFT_VERSION = 5.0;
				TARGETED_DEVICE_FAMILY = "1,2";
			};
			name = Release;
		};
/* End XCBuildConfiguration section */

/* Begin XCConfigurationList section */
		763FD88629B68EA5000EADF7 /* Build configuration list for PBXNativeTarget "CleanNewsFramework" */ = {
			isa = XCConfigurationList;
			buildConfigurations = (
				763FD88229B68EA5000EADF7 /* Debug */,
				763FD88329B68EA5000EADF7 /* Release */,
			);
			defaultConfigurationIsVisible = 0;
			defaultConfigurationName = Release;
		};
		763FD88729B68EA5000EADF7 /* Build configuration list for PBXNativeTarget "CleanNewsFrameworkTests" */ = {
			isa = XCConfigurationList;
			buildConfigurations = (
				763FD88429B68EA5000EADF7 /* Debug */,
				763FD88529B68EA5000EADF7 /* Release */,
			);
			defaultConfigurationIsVisible = 0;
			defaultConfigurationName = Release;
		};
		7669ED6228A520FE001385B0 /* Build configuration list for PBXProject "CleanNews" */ = {
			isa = XCConfigurationList;
			buildConfigurations = (
				7669ED8928A520FF001385B0 /* Debug */,
				7669ED8A28A520FF001385B0 /* Release */,
			);
			defaultConfigurationIsVisible = 0;
			defaultConfigurationName = Release;
		};
		7669ED8B28A520FF001385B0 /* Build configuration list for PBXNativeTarget "CleanNews" */ = {
			isa = XCConfigurationList;
			buildConfigurations = (
				7669ED8C28A520FF001385B0 /* Debug */,
				7669ED8D28A520FF001385B0 /* Release */,
			);
			defaultConfigurationIsVisible = 0;
			defaultConfigurationName = Release;
		};
		7669ED8E28A520FF001385B0 /* Build configuration list for PBXNativeTarget "CleanNewsTests" */ = {
			isa = XCConfigurationList;
			buildConfigurations = (
				7669ED8F28A520FF001385B0 /* Debug */,
				7669ED9028A520FF001385B0 /* Release */,
			);
			defaultConfigurationIsVisible = 0;
			defaultConfigurationName = Release;
		};
		769EBFC529B78BAB00D0E8C5 /* Build configuration list for PBXNativeTarget "CleanNewsiOS" */ = {
			isa = XCConfigurationList;
			buildConfigurations = (
				769EBFC129B78BAB00D0E8C5 /* Debug */,
				769EBFC229B78BAB00D0E8C5 /* Release */,
			);
			defaultConfigurationIsVisible = 0;
			defaultConfigurationName = Release;
		};
		769EBFC629B78BAB00D0E8C5 /* Build configuration list for PBXNativeTarget "CleanNewsiOSTests" */ = {
			isa = XCConfigurationList;
			buildConfigurations = (
				769EBFC329B78BAB00D0E8C5 /* Debug */,
				769EBFC429B78BAB00D0E8C5 /* Release */,
			);
			defaultConfigurationIsVisible = 0;
			defaultConfigurationName = Release;
		};
/* End XCConfigurationList section */

/* Begin XCVersionGroup section */
		763C0A152930199B00EAFDFA /* NewsStore.xcdatamodeld */ = {
			isa = XCVersionGroup;
			children = (
				7604D7F929EAE0BB00165382 /* NewsStore2.xcdatamodel */,
				763C0A162930199B00EAFDFA /* NewsStore.xcdatamodel */,
			);
			currentVersion = 7604D7F929EAE0BB00165382 /* NewsStore2.xcdatamodel */;
			path = NewsStore.xcdatamodeld;
			sourceTree = "<group>";
			versionGroupType = wrapper.xcdatamodel;
		};
/* End XCVersionGroup section */
	};
	rootObject = 7669ED5F28A520FE001385B0 /* Project object */;
}
